<?xml version="1.0" encoding="utf-8"?>
<Project ToolsVersion="12.0" xmlns="http://schemas.microsoft.com/developer/msbuild/2003">
  <ItemGroup>
    <ClCompile Include="$(ProjectDir)/zzip/dir.c">
      <Filter>Source Files</Filter>
    </ClCompile>
    <ClCompile Include="$(ProjectDir)/zzip/err.c">
      <Filter>Source Files</Filter>
    </ClCompile>
    <ClCompile Include="$(ProjectDir)/zzip/fetch.c">
      <Filter>Source Files</Filter>
    </ClCompile>
    <ClCompile Include="$(ProjectDir)/zzip/file.c">
      <Filter>Source Files</Filter>
    </ClCompile>
    <ClCompile Include="$(ProjectDir)/zzip/fseeko.c">
      <Filter>Source Files</Filter>
    </ClCompile>
    <ClCompile Include="$(ProjectDir)/zzip/info.c">
      <Filter>Source Files</Filter>
    </ClCompile>
    <ClCompile Include="$(ProjectDir)/zzip/memdisk.c">
      <Filter>Source Files</Filter>
    </ClCompile>
    <ClCompile Include="$(ProjectDir)/zzip/mmapped.c">
      <Filter>Source Files</Filter>
    </ClCompile>
    <ClCompile Include="$(ProjectDir)/zzip/plugin.c">
      <Filter>Source Files</Filter>
    </ClCompile>
    <ClCompile Include="$(ProjectDir)/zzip/stat.c">
      <Filter>Source Files</Filter>
    </ClCompile>
    <ClCompile Include="$(ProjectDir)/zzip/write.c">
      <Filter>Source Files</Filter>
    </ClCompile>
    <ClCompile Include="$(ProjectDir)/zzip/zip.c">
      <Filter>Source Files</Filter>
    </ClCompile>
  </ItemGroup>
  <ItemGroup>
    <ClInclude Include="$(ProjectDir)/zzip/autoconf.h">
      <Filter>Header Files</Filter>
    </ClInclude>
    <ClInclude Include="$(ProjectDir)/include/zzip/conf.h">
      <Filter>Header Files</Filter>
    </ClInclude>
    <ClInclude Include="$(ProjectDir)/include/zzip/_config.h">
      <Filter>Header Files</Filter>
    </ClInclude>
    <ClInclude Include="$(ProjectDir)/zzip/__debug.h">
      <Filter>Header Files</Filter>
    </ClInclude>
    <ClInclude Include="$(ProjectDir)/zzip/__dirent.h">
      <Filter>Header Files</Filter>
    </ClInclude>
    <ClInclude Include="$(ProjectDir)/zzip/fetch.h">
      <Filter>Header Files</Filter>
    </ClInclude>
    <ClInclude Include="$(ProjectDir)/zzip/file.h">
      <Filter>Header Files</Filter>
    </ClInclude>
    <ClInclude Include="$(ProjectDir)/zzip/__fnmatch.h">
      <Filter>Header Files</Filter>
    </ClInclude>
    <ClInclude Include="$(ProjectDir)/zzip/format.h">
      <Filter>Header Files</Filter>
    </ClInclude>
    <ClInclude Include="$(ProjectDir)/zzip/fseeko.h">
      <Filter>Header Files</Filter>
    </ClInclude>
    <ClInclude Include="$(ProjectDir)/zzip/__hints.h">
      <Filter>Header Files</Filter>
    </ClInclude>
    <ClInclude Include="$(ProjectDir)/zzip/info.h">
      <Filter>Header Files</Filter>
    </ClInclude>
    <ClInclude Include="$(ProjectDir)/zzip/lib.h">
      <Filter>Header Files</Filter>
    </ClInclude>
    <ClInclude Include="$(ProjectDir)/zzip/memdisk.h">
      <Filter>Header Files</Filter>
    </ClInclude>
    <ClInclude Include="$(ProjectDir)/zzip/__mmap.h">
      <Filter>Header Files</Filter>
    </ClInclude>
    <ClInclude Include="$(ProjectDir)/zzip/mmapped.h">
      <Filter>Header Files</Filter>
    </ClInclude>
    <ClInclude Include="$(ProjectDir)/include/zzip/_msvc.h">
      <Filter>Header Files</Filter>
    </ClInclude>
    <ClInclude Include="$(ProjectDir)/include/zzip/plugin.h">
      <Filter>Header Files</Filter>
    </ClInclude>
    <ClInclude Include="$(ProjectDir)/zzip/stdint.h">
      <Filter>Header Files</Filter>
    </ClInclude>
    <ClInclude Include="$(ProjectDir)/include/zzip/types.h">
      <Filter>Header Files</Filter>
    </ClInclude>
    <ClInclude Include="$(ProjectDir)/zzip/write.h">
      <Filter>Header Files</Filter>
    </ClInclude>
    <ClInclude Include="$(ProjectDir)/zzip/zzip32.h">
      <Filter>Header Files</Filter>
    </ClInclude>
    <ClInclude Include="$(ProjectDir)/zzip/zzip.h">
      <Filter>Header Files</Filter>
    </ClInclude>
  </ItemGroup>
  <ItemGroup>
    <Filter Include="Source Files">
      <UniqueIdentifier>{8471035B-31C9-33AF-8EC0-0AC094C45D87}</UniqueIdentifier>
    </Filter>
    <Filter Include="Header Files">
      <UniqueIdentifier>{AA14ACBE-3991-3011-B8D2-E34F3FAE7453}</UniqueIdentifier>
    </Filter>
  </ItemGroup>
</Project>