<?xml version="1.0" encoding="UTF-8"?>
<Project ToolsVersion="12.0" xmlns="http://schemas.microsoft.com/developer/msbuild/2003">
  <ItemGroup>
    <ClCompile Include="$(ProjectDir)/src\OgreAlignedAllocator.cpp">
      <Filter>Source Files</Filter>
    </ClCompile>
    <ClCompile Include="$(ProjectDir)/src\OgreAnimable.cpp">
      <Filter>Source Files</Filter>
    </ClCompile>
    <ClCompile Include="$(ProjectDir)/src\OgreAnimation.cpp">
      <Filter>Source Files</Filter>
    </ClCompile>
    <ClCompile Include="$(ProjectDir)/src\OgreAnimationState.cpp">
      <Filter>Source Files</Filter>
    </ClCompile>
    <ClCompile Include="$(ProjectDir)/src\OgreAnimationTrack.cpp">
      <Filter>Source Files</Filter>
    </ClCompile>
    <ClCompile Include="$(ProjectDir)/src\OgreArchive.cpp">
      <Filter>Source Files</Filter>
    </ClCompile>
    <ClCompile Include="$(ProjectDir)/src\OgreArchiveManager.cpp">
      <Filter>Source Files</Filter>
    </ClCompile>
    <ClCompile Include="$(ProjectDir)/src\OgreAtomicScalar.cpp">
      <Filter>Source Files</Filter>
    </ClCompile>
    <ClCompile Include="$(ProjectDir)/src\OgreAutoParamDataSource.cpp">
      <Filter>Source Files</Filter>
    </ClCompile>
    <ClCompile Include="$(ProjectDir)/src\OgreAxisAlignedBox.cpp">
      <Filter>Source Files</Filter>
    </ClCompile>
    <ClCompile Include="$(ProjectDir)/src\OgreBillboard.cpp">
      <Filter>Source Files</Filter>
    </ClCompile>
    <ClCompile Include="$(ProjectDir)/src\OgreBillboardChain.cpp">
      <Filter>Source Files</Filter>
    </ClCompile>
    <ClCompile Include="$(ProjectDir)/src\OgreBillboardParticleRenderer.cpp">
      <Filter>Source Files</Filter>
    </ClCompile>
    <ClCompile Include="$(ProjectDir)/src\OgreBillboardSet.cpp">
      <Filter>Source Files</Filter>
    </ClCompile>
    <ClCompile Include="$(ProjectDir)/src\OgreCamera.cpp">
      <Filter>Source Files</Filter>
    </ClCompile>
    <ClCompile Include="$(ProjectDir)/src\OgreCodec.cpp">
      <Filter>Source Files</Filter>
    </ClCompile>
    <ClCompile Include="$(ProjectDir)/src\OgreColourValue.cpp">
      <Filter>Source Files</Filter>
    </ClCompile>
    <ClCompile Include="$(ProjectDir)/src\OgreCommon.cpp">
      <Filter>Source Files</Filter>
    </ClCompile>
    <ClCompile Include="$(ProjectDir)/src\OgreConfigFile.cpp">
      <Filter>Source Files</Filter>
    </ClCompile>
    <ClCompile Include="$(ProjectDir)/src\OgreControllerManager.cpp">
      <Filter>Source Files</Filter>
    </ClCompile>
    <ClCompile Include="$(ProjectDir)/src\OgreConvexBody.cpp">
      <Filter>Source Files</Filter>
    </ClCompile>
    <ClCompile Include="$(ProjectDir)/src\OgreDataStream.cpp">
      <Filter>Source Files</Filter>
    </ClCompile>
    <ClCompile Include="$(ProjectDir)/src\OgreDefaultHardwareBufferManager.cpp">
      <Filter>Source Files</Filter>
    </ClCompile>
    <ClCompile Include="$(ProjectDir)/src\OgreDefaultSceneQueries.cpp">
      <Filter>Source Files</Filter>
    </ClCompile>
    <ClCompile Include="$(ProjectDir)/src\OgreDeflate.cpp">
      <Filter>Source Files</Filter>
    </ClCompile>
    <ClCompile Include="$(ProjectDir)/src\OgreDepthBuffer.cpp">
      <Filter>Source Files</Filter>
    </ClCompile>
    <ClCompile Include="$(ProjectDir)/src\OgreDistanceLodStrategy.cpp">
      <Filter>Source Files</Filter>
    </ClCompile>
    <ClCompile Include="$(ProjectDir)/src\OgreDualQuaternion.cpp">
      <Filter>Source Files</Filter>
    </ClCompile>
    <ClCompile Include="$(ProjectDir)/src\OgreDynLib.cpp">
      <Filter>Source Files</Filter>
    </ClCompile>
    <ClCompile Include="$(ProjectDir)/src\OgreDynLibManager.cpp">
      <Filter>Source Files</Filter>
    </ClCompile>
    <ClCompile Include="$(ProjectDir)/src\OgreEdgeListBuilder.cpp">
      <Filter>Source Files</Filter>
    </ClCompile>
    <ClCompile Include="$(ProjectDir)/src\OgreEntity.cpp">
      <Filter>Source Files</Filter>
    </ClCompile>
    <ClCompile Include="$(ProjectDir)/src\OgreException.cpp">
      <Filter>Source Files</Filter>
    </ClCompile>
    <ClCompile Include="$(ProjectDir)/src\OgreExternalTextureSource.cpp">
      <Filter>Source Files</Filter>
    </ClCompile>
    <ClCompile Include="$(ProjectDir)/src\OgreExternalTextureSourceManager.cpp">
      <Filter>Source Files</Filter>
    </ClCompile>
    <ClCompile Include="$(ProjectDir)/src\OgreFileSystem.cpp">
      <Filter>Source Files</Filter>
    </ClCompile>
    <ClCompile Include="$(ProjectDir)/src\OgreFrustum.cpp">
      <Filter>Source Files</Filter>
    </ClCompile>
    <ClCompile Include="$(ProjectDir)/src\OgreGpuProgram.cpp">
      <Filter>Source Files</Filter>
    </ClCompile>
    <ClCompile Include="$(ProjectDir)/src\OgreGpuProgramManager.cpp">
      <Filter>Source Files</Filter>
    </ClCompile>
    <ClCompile Include="$(ProjectDir)/src\OgreGpuProgramParams.cpp">
      <Filter>Source Files</Filter>
    </ClCompile>
    <ClCompile Include="$(ProjectDir)/src\OgreGpuProgramUsage.cpp">
      <Filter>Source Files</Filter>
    </ClCompile>
    <ClCompile Include="$(ProjectDir)/src\OgreHardwareBufferManager.cpp">
      <Filter>Source Files</Filter>
    </ClCompile>
    <ClCompile Include="$(ProjectDir)/src\OgreHardwareCounterBuffer.cpp">
      <Filter>Source Files</Filter>
    </ClCompile>
    <ClCompile Include="$(ProjectDir)/src\OgreHardwareIndexBuffer.cpp">
      <Filter>Source Files</Filter>
    </ClCompile>
    <ClCompile Include="$(ProjectDir)/src\OgreHardwareOcclusionQuery.cpp">
      <Filter>Source Files</Filter>
    </ClCompile>
    <ClCompile Include="$(ProjectDir)/src\OgreHardwarePixelBuffer.cpp">
      <Filter>Source Files</Filter>
    </ClCompile>
    <ClCompile Include="$(ProjectDir)/src\OgreHardwareUniformBuffer.cpp">
      <Filter>Source Files</Filter>
    </ClCompile>
    <ClCompile Include="$(ProjectDir)/src\OgreHardwareVertexBuffer.cpp">
      <Filter>Source Files</Filter>
    </ClCompile>
    <ClCompile Include="$(ProjectDir)/src\OgreHighLevelGpuProgram.cpp">
      <Filter>Source Files</Filter>
    </ClCompile>
    <ClCompile Include="$(ProjectDir)/src\OgreHighLevelGpuProgramManager.cpp">
      <Filter>Source Files</Filter>
    </ClCompile>
    <ClCompile Include="$(ProjectDir)/src\OgreHlms.cpp">
      <Filter>Source Files</Filter>
    </ClCompile>
    <ClCompile Include="$(ProjectDir)/src\OgreHlmsManager.cpp">
      <Filter>Source Files</Filter>
    </ClCompile>
    <ClCompile Include="$(ProjectDir)/src\OgreImage.cpp">
      <Filter>Source Files</Filter>
    </ClCompile>
    <ClCompile Include="$(ProjectDir)/src\OgreInstanceBatch.cpp">
      <Filter>Source Files</Filter>
    </ClCompile>
    <ClCompile Include="$(ProjectDir)/src\OgreInstanceBatchHW.cpp">
      <Filter>Source Files</Filter>
    </ClCompile>
    <ClCompile Include="$(ProjectDir)/src\OgreInstanceBatchHW_VTF.cpp">
      <Filter>Source Files</Filter>
    </ClCompile>
    <ClCompile Include="$(ProjectDir)/src\OgreInstanceBatchShader.cpp">
      <Filter>Source Files</Filter>
    </ClCompile>
    <ClCompile Include="$(ProjectDir)/src\OgreInstanceBatchVTF.cpp">
      <Filter>Source Files</Filter>
    </ClCompile>
    <ClCompile Include="$(ProjectDir)/src\OgreInstanceManager.cpp">
      <Filter>Source Files</Filter>
    </ClCompile>
    <ClCompile Include="$(ProjectDir)/src\OgreInstancedEntity.cpp">
      <Filter>Source Files</Filter>
    </ClCompile>
    <ClCompile Include="$(ProjectDir)/src\OgreKeyFrame.cpp">
      <Filter>Source Files</Filter>
    </ClCompile>
    <ClCompile Include="$(ProjectDir)/src\OgreLight.cpp">
      <Filter>Source Files</Filter>
    </ClCompile>
    <ClCompile Include="$(ProjectDir)/src\OgreLodStrategy.cpp">
      <Filter>Source Files</Filter>
    </ClCompile>
    <ClCompile Include="$(ProjectDir)/src\OgreLodStrategyManager.cpp">
      <Filter>Source Files</Filter>
    </ClCompile>
    <ClCompile Include="$(ProjectDir)/src\OgreLog.cpp">
      <Filter>Source Files</Filter>
    </ClCompile>
    <ClCompile Include="$(ProjectDir)/src\OgreLogManager.cpp">
      <Filter>Source Files</Filter>
    </ClCompile>
    <ClCompile Include="$(ProjectDir)/src\OgreManualObject.cpp">
      <Filter>Source Files</Filter>
    </ClCompile>
    <ClCompile Include="$(ProjectDir)/src\OgreMaterial.cpp">
      <Filter>Source Files</Filter>
    </ClCompile>
    <ClCompile Include="$(ProjectDir)/src\OgreMaterialManager.cpp">
      <Filter>Source Files</Filter>
    </ClCompile>
    <ClCompile Include="$(ProjectDir)/src\OgreMaterialSerializer.cpp">
      <Filter>Source Files</Filter>
    </ClCompile>
    <ClCompile Include="$(ProjectDir)/src\OgreMath.cpp">
      <Filter>Source Files</Filter>
    </ClCompile>
    <ClCompile Include="$(ProjectDir)/src\OgreMatrix3.cpp">
      <Filter>Source Files</Filter>
    </ClCompile>
    <ClCompile Include="$(ProjectDir)/src\OgreMatrix4.cpp">
      <Filter>Source Files</Filter>
    </ClCompile>
    <ClCompile Include="$(ProjectDir)/src\OgreMemoryAllocatedObject.cpp">
      <Filter>Source Files</Filter>
    </ClCompile>
    <ClCompile Include="$(ProjectDir)/src\OgreMemoryNedAlloc.cpp">
      <Filter>Source Files</Filter>
    </ClCompile>
    <ClCompile Include="$(ProjectDir)/src\OgreMemoryNedPooling.cpp">
      <Filter>Source Files</Filter>
    </ClCompile>
    <ClCompile Include="$(ProjectDir)/src\OgreMemoryTrackAlloc.cpp">
      <Filter>Source Files</Filter>
    </ClCompile>
    <ClCompile Include="$(ProjectDir)/src\OgreMemoryTracker.cpp">
      <Filter>Source Files</Filter>
    </ClCompile>
    <ClCompile Include="$(ProjectDir)/src\OgreMesh.cpp">
      <Filter>Source Files</Filter>
    </ClCompile>
    <ClCompile Include="$(ProjectDir)/src\OgreMeshManager.cpp">
      <Filter>Source Files</Filter>
    </ClCompile>
    <ClCompile Include="$(ProjectDir)/src\OgreMeshSerializer.cpp">
      <Filter>Source Files</Filter>
    </ClCompile>
    <ClCompile Include="$(ProjectDir)/src\OgreMeshSerializerImpl.cpp">
      <Filter>Source Files</Filter>
    </ClCompile>
    <ClCompile Include="$(ProjectDir)/src\OgreMovableObject.cpp">
      <Filter>Source Files</Filter>
    </ClCompile>
    <ClCompile Include="$(ProjectDir)/src\OgreMovablePlane.cpp">
      <Filter>Source Files</Filter>
    </ClCompile>
    <ClCompile Include="$(ProjectDir)/src\OgreNode.cpp">
      <Filter>Source Files</Filter>
    </ClCompile>
    <ClCompile Include="$(ProjectDir)/src\OgreNumerics.cpp">
      <Filter>Source Files</Filter>
    </ClCompile>
    <ClCompile Include="$(ProjectDir)/src\OgreOldBone.cpp">
      <Filter>Source Files</Filter>
    </ClCompile>
    <ClCompile Include="$(ProjectDir)/src\OgreOldNode.cpp">
      <Filter>Source Files</Filter>
    </ClCompile>
    <ClCompile Include="$(ProjectDir)/src\OgreOldSkeletonInstance.cpp">
      <Filter>Source Files</Filter>
    </ClCompile>
    <ClCompile Include="$(ProjectDir)/src\OgreOldSkeletonManager.cpp">
      <Filter>Source Files</Filter>
    </ClCompile>
    <ClCompile Include="$(ProjectDir)/src\OgreOptimisedUtil.cpp">
      <Filter>Source Files</Filter>
    </ClCompile>
    <ClCompile Include="$(ProjectDir)/src\OgreOptimisedUtilGeneral.cpp">
      <Filter>Source Files</Filter>
    </ClCompile>
    <ClCompile Include="$(ProjectDir)/src\OgreOptimisedUtilSSE.cpp">
      <Filter>Source Files</Filter>
    </ClCompile>
    <ClCompile Include="$(ProjectDir)/src\OgreParticle.cpp">
      <Filter>Source Files</Filter>
    </ClCompile>
    <ClCompile Include="$(ProjectDir)/src\OgreParticleEmitter.cpp">
      <Filter>Source Files</Filter>
    </ClCompile>
    <ClCompile Include="$(ProjectDir)/src\OgreParticleEmitterCommands.cpp">
      <Filter>Source Files</Filter>
    </ClCompile>
    <ClCompile Include="$(ProjectDir)/src\OgreParticleIterator.cpp">
      <Filter>Source Files</Filter>
    </ClCompile>
    <ClCompile Include="$(ProjectDir)/src\OgreParticleSystem.cpp">
      <Filter>Source Files</Filter>
    </ClCompile>
    <ClCompile Include="$(ProjectDir)/src\OgreParticleSystemManager.cpp">
      <Filter>Source Files</Filter>
    </ClCompile>
    <ClCompile Include="$(ProjectDir)/src\OgrePass.cpp">
      <Filter>Source Files</Filter>
    </ClCompile>
    <ClCompile Include="$(ProjectDir)/src\OgrePatchMesh.cpp">
      <Filter>Source Files</Filter>
    </ClCompile>
    <ClCompile Include="$(ProjectDir)/src\OgrePatchSurface.cpp">
      <Filter>Source Files</Filter>
    </ClCompile>
    <ClCompile Include="$(ProjectDir)/src\OgrePixelCountLodStrategy.cpp">
      <Filter>Source Files</Filter>
    </ClCompile>
    <ClCompile Include="$(ProjectDir)/src\OgrePixelFormat.cpp">
      <Filter>Source Files</Filter>
    </ClCompile>
    <ClCompile Include="$(ProjectDir)/src\OgrePlane.cpp">
      <Filter>Source Files</Filter>
    </ClCompile>
    <ClCompile Include="$(ProjectDir)/src\OgrePlatformInformation.cpp">
      <Filter>Source Files</Filter>
    </ClCompile>
    <ClCompile Include="$(ProjectDir)/src\OgrePolygon.cpp">
      <Filter>Source Files</Filter>
    </ClCompile>
    <ClCompile Include="$(ProjectDir)/src\OgrePose.cpp">
      <Filter>Source Files</Filter>
    </ClCompile>
    <ClCompile Include="$(ProjectDir)/src\OgrePrecompiledHeaders.cpp">
      <Filter>Source Files</Filter>
    </ClCompile>
    <ClCompile Include="$(ProjectDir)/src\OgrePredefinedControllers.cpp">
      <Filter>Source Files</Filter>
    </ClCompile>
    <ClCompile Include="$(ProjectDir)/src\OgrePrefabFactory.cpp">
      <Filter>Source Files</Filter>
    </ClCompile>
    <ClCompile Include="$(ProjectDir)/src\OgreProfiler.cpp">
      <Filter>Source Files</Filter>
    </ClCompile>
    <ClCompile Include="$(ProjectDir)/src\OgreQuaternion.cpp">
      <Filter>Source Files</Filter>
    </ClCompile>
    <ClCompile Include="$(ProjectDir)/src\OgreRectangle2D.cpp">
      <Filter>Source Files</Filter>
    </ClCompile>
    <ClCompile Include="$(ProjectDir)/src\OgreRenderQueue.cpp">
      <Filter>Source Files</Filter>
    </ClCompile>
    <ClCompile Include="$(ProjectDir)/src\OgreRenderQueueInvocation.cpp">
      <Filter>Source Files</Filter>
    </ClCompile>
    <ClCompile Include="$(ProjectDir)/src\OgreRenderQueueSortingGrouping.cpp">
      <Filter>Source Files</Filter>
    </ClCompile>
    <ClCompile Include="$(ProjectDir)/src\OgreRenderSystem.cpp">
      <Filter>Source Files</Filter>
    </ClCompile>
    <ClCompile Include="$(ProjectDir)/src\OgreRenderSystemCapabilities.cpp">
      <Filter>Source Files</Filter>
    </ClCompile>
    <ClCompile Include="$(ProjectDir)/src\OgreRenderSystemCapabilitiesManager.cpp">
      <Filter>Source Files</Filter>
    </ClCompile>
    <ClCompile Include="$(ProjectDir)/src\OgreRenderSystemCapabilitiesSerializer.cpp">
      <Filter>Source Files</Filter>
    </ClCompile>
    <ClCompile Include="$(ProjectDir)/src\OgreRenderTarget.cpp">
      <Filter>Source Files</Filter>
    </ClCompile>
    <ClCompile Include="$(ProjectDir)/src\OgreRenderTexture.cpp">
      <Filter>Source Files</Filter>
    </ClCompile>
    <ClCompile Include="$(ProjectDir)/src\OgreRenderToVertexBuffer.cpp">
      <Filter>Source Files</Filter>
    </ClCompile>
    <ClCompile Include="$(ProjectDir)/src\OgreRenderWindow.cpp">
      <Filter>Source Files</Filter>
    </ClCompile>
    <ClCompile Include="$(ProjectDir)/src\OgreResource.cpp">
      <Filter>Source Files</Filter>
    </ClCompile>
    <ClCompile Include="$(ProjectDir)/src\OgreResourceBackgroundQueue.cpp">
      <Filter>Source Files</Filter>
    </ClCompile>
    <ClCompile Include="$(ProjectDir)/src\OgreResourceGroupManager.cpp">
      <Filter>Source Files</Filter>
    </ClCompile>
    <ClCompile Include="$(ProjectDir)/src\OgreResourceManager.cpp">
      <Filter>Source Files</Filter>
    </ClCompile>
    <ClCompile Include="$(ProjectDir)/src\OgreRibbonTrail.cpp">
      <Filter>Source Files</Filter>
    </ClCompile>
    <ClCompile Include="$(ProjectDir)/src\OgreRoot.cpp">
      <Filter>Source Files</Filter>
    </ClCompile>
    <ClCompile Include="$(ProjectDir)/src\OgreRotationSpline.cpp">
      <Filter>Source Files</Filter>
    </ClCompile>
    <ClCompile Include="$(ProjectDir)/src\OgreSceneManager.cpp">
      <Filter>Source Files</Filter>
    </ClCompile>
    <ClCompile Include="$(ProjectDir)/src\OgreSceneManagerEnumerator.cpp">
      <Filter>Source Files</Filter>
    </ClCompile>
    <ClCompile Include="$(ProjectDir)/src\OgreSceneNode.cpp">
      <Filter>Source Files</Filter>
    </ClCompile>
    <ClCompile Include="$(ProjectDir)/src\OgreSceneQuery.cpp">
      <Filter>Source Files</Filter>
    </ClCompile>
    <ClCompile Include="$(ProjectDir)/src\OgreScriptCompiler.cpp">
      <Filter>Source Files</Filter>
    </ClCompile>
    <ClCompile Include="$(ProjectDir)/src\OgreScriptLexer.cpp">
      <Filter>Source Files</Filter>
    </ClCompile>
    <ClCompile Include="$(ProjectDir)/src\OgreScriptParser.cpp">
      <Filter>Source Files</Filter>
    </ClCompile>
    <ClCompile Include="$(ProjectDir)/src\OgreScriptTranslator.cpp">
      <Filter>Source Files</Filter>
    </ClCompile>
    <ClCompile Include="$(ProjectDir)/src\OgreSerializer.cpp">
      <Filter>Source Files</Filter>
    </ClCompile>
    <ClCompile Include="$(ProjectDir)/src\OgreShadowCameraSetup.cpp">
      <Filter>Source Files</Filter>
    </ClCompile>
    <ClCompile Include="$(ProjectDir)/src\OgreShadowCameraSetupFocused.cpp">
      <Filter>Source Files</Filter>
    </ClCompile>
    <ClCompile Include="$(ProjectDir)/src\OgreShadowCameraSetupPSSM.cpp">
      <Filter>Source Files</Filter>
    </ClCompile>
    <ClCompile Include="$(ProjectDir)/src\OgreShadowCameraSetupPlaneOptimal.cpp">
      <Filter>Source Files</Filter>
    </ClCompile>
    <ClCompile Include="$(ProjectDir)/src\OgreShadowTextureManager.cpp">
      <Filter>Source Files</Filter>
    </ClCompile>
    <ClCompile Include="$(ProjectDir)/src\OgreShadowVolumeExtrudeProgram.cpp">
      <Filter>Source Files</Filter>
    </ClCompile>
    <ClCompile Include="$(ProjectDir)/src\OgreSimpleRenderable.cpp">
      <Filter>Source Files</Filter>
    </ClCompile>
    <ClCompile Include="$(ProjectDir)/src\OgreSimpleSpline.cpp">
      <Filter>Source Files</Filter>
    </ClCompile>
    <ClCompile Include="$(ProjectDir)/src\OgreSkeleton.cpp">
      <Filter>Source Files</Filter>
    </ClCompile>
    <ClCompile Include="$(ProjectDir)/src\OgreSkeletonSerializer.cpp">
      <Filter>Source Files</Filter>
    </ClCompile>
    <ClCompile Include="$(ProjectDir)/src\OgreSmallVector.cpp">
      <Filter>Source Files</Filter>
    </ClCompile>
    <ClCompile Include="$(ProjectDir)/src\OgreStaticGeometry.cpp">
      <Filter>Source Files</Filter>
    </ClCompile>
    <ClCompile Include="$(ProjectDir)/src\OgreStreamSerialiser.cpp">
      <Filter>Source Files</Filter>
    </ClCompile>
    <ClCompile Include="$(ProjectDir)/src\OgreString.cpp">
      <Filter>Source Files</Filter>
    </ClCompile>
    <ClCompile Include="$(ProjectDir)/src\OgreStringConverter.cpp">
      <Filter>Source Files</Filter>
    </ClCompile>
    <ClCompile Include="$(ProjectDir)/src\OgreStringInterface.cpp">
      <Filter>Source Files</Filter>
    </ClCompile>
    <ClCompile Include="$(ProjectDir)/src\OgreSubEntity.cpp">
      <Filter>Source Files</Filter>
    </ClCompile>
    <ClCompile Include="$(ProjectDir)/src\OgreSubMesh.cpp">
      <Filter>Source Files</Filter>
    </ClCompile>
    <ClCompile Include="$(ProjectDir)/src\OgreTagPoint.cpp">
      <Filter>Source Files</Filter>
    </ClCompile>
    <ClCompile Include="$(ProjectDir)/src\OgreTangentSpaceCalc.cpp">
      <Filter>Source Files</Filter>
    </ClCompile>
    <ClCompile Include="$(ProjectDir)/src\OgreTechnique.cpp">
      <Filter>Source Files</Filter>
    </ClCompile>
    <ClCompile Include="$(ProjectDir)/src\OgreTexture.cpp">
      <Filter>Source Files</Filter>
    </ClCompile>
    <ClCompile Include="$(ProjectDir)/src\OgreTextureManager.cpp">
      <Filter>Source Files</Filter>
    </ClCompile>
    <ClCompile Include="$(ProjectDir)/src\OgreTextureUnitState.cpp">
      <Filter>Source Files</Filter>
    </ClCompile>
    <ClCompile Include="$(ProjectDir)/src\OgreUTFString.cpp">
      <Filter>Source Files</Filter>
    </ClCompile>
    <ClCompile Include="$(ProjectDir)/src\OgreUnifiedHighLevelGpuProgram.cpp">
      <Filter>Source Files</Filter>
    </ClCompile>
    <ClCompile Include="$(ProjectDir)/src\OgreUserObjectBindings.cpp">
      <Filter>Source Files</Filter>
    </ClCompile>
    <ClCompile Include="$(ProjectDir)/src\OgreVector2.cpp">
      <Filter>Source Files</Filter>
    </ClCompile>
    <ClCompile Include="$(ProjectDir)/src\OgreVector3.cpp">
      <Filter>Source Files</Filter>
    </ClCompile>
    <ClCompile Include="$(ProjectDir)/src\OgreVector4.cpp">
      <Filter>Source Files</Filter>
    </ClCompile>
    <ClCompile Include="$(ProjectDir)/src\OgreVertexIndexData.cpp">
      <Filter>Source Files</Filter>
    </ClCompile>
    <ClCompile Include="$(ProjectDir)/src\OgreViewport.cpp">
      <Filter>Source Files</Filter>
    </ClCompile>
    <ClCompile Include="$(ProjectDir)/src\OgreWindowEventUtilities.cpp">
      <Filter>Source Files</Filter>
    </ClCompile>
    <ClCompile Include="$(ProjectDir)/src\OgreWireBoundingBox.cpp">
      <Filter>Source Files</Filter>
    </ClCompile>
    <ClCompile Include="$(ProjectDir)/src\OgreWorkQueue.cpp">
      <Filter>Source Files</Filter>
    </ClCompile>
    <ClCompile Include="$(ProjectDir)/src\Animation\OgreBone.cpp">
      <Filter>Source Files\Animation</Filter>
    </ClCompile>
    <ClCompile Include="$(ProjectDir)/src\Animation\OgreSkeletonAnimManager.cpp">
      <Filter>Source Files\Animation</Filter>
    </ClCompile>
    <ClCompile Include="$(ProjectDir)/src\Animation\OgreSkeletonAnimation.cpp">
      <Filter>Source Files\Animation</Filter>
    </ClCompile>
    <ClCompile Include="$(ProjectDir)/src\Animation\OgreSkeletonAnimationDef.cpp">
      <Filter>Source Files\Animation</Filter>
    </ClCompile>
    <ClCompile Include="$(ProjectDir)/src\Animation\OgreSkeletonDef.cpp">
      <Filter>Source Files\Animation</Filter>
    </ClCompile>
    <ClCompile Include="$(ProjectDir)/src\Animation\OgreSkeletonInstance.cpp">
      <Filter>Source Files\Animation</Filter>
    </ClCompile>
    <ClCompile Include="$(ProjectDir)/src\Animation\OgreSkeletonManager.cpp">
      <Filter>Source Files\Animation</Filter>
    </ClCompile>
    <ClCompile Include="$(ProjectDir)/src\Animation\OgreSkeletonTrack.cpp">
      <Filter>Source Files\Animation</Filter>
    </ClCompile>
    <ClCompile Include="$(ProjectDir)/src\Compositor\OgreCompositorManager2.cpp">
      <Filter>Source Files\Compositor</Filter>
    </ClCompile>
    <ClCompile Include="$(ProjectDir)/src\Compositor\OgreCompositorNode.cpp">
      <Filter>Source Files\Compositor</Filter>
    </ClCompile>
    <ClCompile Include="$(ProjectDir)/src\Compositor\OgreCompositorNodeDef.cpp">
      <Filter>Source Files\Compositor</Filter>
    </ClCompile>
    <ClCompile Include="$(ProjectDir)/src\Compositor\OgreCompositorShadowNode.cpp">
      <Filter>Source Files\Compositor</Filter>
    </ClCompile>
    <ClCompile Include="$(ProjectDir)/src\Compositor\OgreCompositorShadowNodeDef.cpp">
      <Filter>Source Files\Compositor</Filter>
    </ClCompile>
    <ClCompile Include="$(ProjectDir)/src\Compositor\OgreCompositorWorkspace.cpp">
      <Filter>Source Files\Compositor</Filter>
    </ClCompile>
    <ClCompile Include="$(ProjectDir)/src\Compositor\OgreCompositorWorkspaceDef.cpp">
      <Filter>Source Files\Compositor</Filter>
    </ClCompile>
    <ClCompile Include="$(ProjectDir)/src\Compositor\OgreTextureDefinition.cpp">
      <Filter>Source Files\Compositor</Filter>
    </ClCompile>
    <ClCompile Include="$(ProjectDir)/src\Compositor\Pass\OgreCompositorPass.cpp">
      <Filter>Source Files\Compositor\Pass</Filter>
    </ClCompile>
    <ClCompile Include="$(ProjectDir)/src\Compositor\Pass\OgreCompositorPassDef.cpp">
      <Filter>Source Files\Compositor\Pass</Filter>
    </ClCompile>
    <ClCompile Include="$(ProjectDir)/src\Compositor\Pass\PassClear\OgreCompositorPassClear.cpp">
      <Filter>Source Files\Compositor\Pass\PassClear</Filter>
    </ClCompile>
    <ClCompile Include="$(ProjectDir)/src\Compositor\Pass\PassQuad\OgreCompositorPassQuad.cpp">
      <Filter>Source Files\Compositor\Pass\PassQuad</Filter>
    </ClCompile>
    <ClCompile Include="$(ProjectDir)/src\Compositor\Pass\PassScene\OgreCompositorPassScene.cpp">
      <Filter>Source Files\Compositor\Pass\PassScene</Filter>
    </ClCompile>
    <ClCompile Include="$(ProjectDir)/src\Compositor\Pass\PassStencil\OgreCompositorPassStencil.cpp">
      <Filter>Source Files\Compositor\Pass\PassStencil</Filter>
    </ClCompile>
    <ClCompile Include="$(ProjectDir)/src\Hash\MurmurHash3.cpp">
      <Filter>Source Files\Hash</Filter>
    </ClCompile>
    <ClCompile Include="$(ProjectDir)/src\Math\Array\OgreArrayMemoryManager.cpp">
      <Filter>Source Files\Math\Array</Filter>
    </ClCompile>
    <ClCompile Include="$(ProjectDir)/src\Math\Array\OgreBoneArrayMemoryManager.cpp">
      <Filter>Source Files\Math\Array</Filter>
    </ClCompile>
    <ClCompile Include="$(ProjectDir)/src\Math\Array\OgreBoneMemoryManager.cpp">
      <Filter>Source Files\Math\Array</Filter>
    </ClCompile>
    <ClCompile Include="$(ProjectDir)/src\Math\Array\OgreKfTransformArrayMemoryManager.cpp">
      <Filter>Source Files\Math\Array</Filter>
    </ClCompile>
    <ClCompile Include="$(ProjectDir)/src\Math\Array\OgreNodeArrayMemoryManager.cpp">
      <Filter>Source Files\Math\Array</Filter>
    </ClCompile>
    <ClCompile Include="$(ProjectDir)/src\Math\Array\OgreNodeMemoryManager.cpp">
      <Filter>Source Files\Math\Array</Filter>
    </ClCompile>
    <ClCompile Include="$(ProjectDir)/src\Math\Array\OgreObjectDataArrayMemoryManager.cpp">
      <Filter>Source Files\Math\Array</Filter>
    </ClCompile>
    <ClCompile Include="$(ProjectDir)/src\Math\Array\OgreObjectMemoryManager.cpp">
      <Filter>Source Files\Math\Array</Filter>
    </ClCompile>
    <ClCompile Include="$(ProjectDir)/src\Math\Simple\C\OgreAabb.cpp">
      <Filter>Source Files\Math\Simple\C</Filter>
    </ClCompile>
    <ClCompile Include="$(ProjectDir)/src\Math\Array\C\OgreArrayAabb.cpp">
      <Filter>Source Files\Math\Array\C</Filter>
    </ClCompile>
    <ClCompile Include="$(ProjectDir)/src\Math\Array\C\OgreArrayMatrix4.cpp">
      <Filter>Source Files\Math\Array\C</Filter>
    </ClCompile>
    <ClCompile Include="$(ProjectDir)/src\Math\Array\C\OgreArrayMatrixAf4x3.cpp">
      <Filter>Source Files\Math\Array\C</Filter>
    </ClCompile>
    <ClCompile Include="$(ProjectDir)/src\Math\Array\C\OgreArrayQuaternion.cpp">
      <Filter>Source Files\Math\Array\C</Filter>
    </ClCompile>
    <ClCompile Include="$(ProjectDir)/src\Math\Array\C\OgreArrayVector3.cpp">
      <Filter>Source Files\Math\Array\C</Filter>
    </ClCompile>
    <ClCompile Include="$(ProjectDir)/src\Math\Array\C\OgreMathlibC.cpp">
      <Filter>Source Files\Math\Array\C</Filter>
    </ClCompile>
    <ClCompile Include="$(ProjectDir)/src\OgreFreeImageCodec.cpp">
      <Filter>Source Files</Filter>
    </ClCompile>
    <ClCompile Include="$(ProjectDir)/src\OgreDDSCodec.cpp">
      <Filter>Source Files</Filter>
    </ClCompile>
    <ClCompile Include="$(ProjectDir)/src\OgrePVRTCCodec.cpp">
      <Filter>Source Files</Filter>
    </ClCompile>
    <ClCompile Include="$(ProjectDir)/src\OgreETCCodec.cpp">
      <Filter>Source Files</Filter>
    </ClCompile>
    <ClCompile Include="$(ProjectDir)/src\OgreZip.cpp">
      <Filter>Source Files</Filter>
    </ClCompile>
    <ClCompile Include="$(ProjectDir)/src\WIN32\OgreOptimisedUtilDirectXMath.cpp">
      <Filter>Source Files</Filter>
    </ClCompile>
    <ClCompile Include="$(ProjectDir)/src\WIN32\OgreConfigDialog.cpp">
      <Filter>Source Files</Filter>
    </ClCompile>
    <ClCompile Include="$(ProjectDir)/src\WIN32\OgreErrorDialog.cpp">
      <Filter>Source Files</Filter>
    </ClCompile>
    <ClCompile Include="$(ProjectDir)/src\WIN32\OgreFileSystemLayer.cpp">
      <Filter>Source Files</Filter>
    </ClCompile>
    <ClCompile Include="$(ProjectDir)/src\WIN32\OgreTimer.cpp">
      <Filter>Source Files</Filter>
    </ClCompile>
    <ClCompile Include="$(ProjectDir)/src\Threading\OgreBarrierWin.cpp">
      <Filter>Source Files\Threading</Filter>
    </ClCompile>
    <ClCompile Include="$(ProjectDir)/src\Threading\OgreLightweightMutexWin.cpp">
      <Filter>Source Files\Threading</Filter>
    </ClCompile>
    <ClCompile Include="$(ProjectDir)/src\Threading\OgreThreadsWin.cpp">
      <Filter>Source Files\Threading</Filter>
    </ClCompile>
    <ClCompile Include="$(ProjectDir)/src\Threading\OgreDefaultWorkQueueStandard.cpp">
      <Filter>Source Files\Threading</Filter>
    </ClCompile>
  </ItemGroup>
  <ItemGroup>
    <ClInclude Include="$(ProjectDir)/include\Ogre.h">
      <Filter>Header Files</Filter>
    </ClInclude>
    <ClInclude Include="$(ProjectDir)/include\OgreAlignedAllocator.h">
      <Filter>Header Files</Filter>
    </ClInclude>
    <ClInclude Include="$(ProjectDir)/include\OgreAnimable.h">
      <Filter>Header Files</Filter>
    </ClInclude>
    <ClInclude Include="$(ProjectDir)/include\OgreAnimation.h">
      <Filter>Header Files</Filter>
    </ClInclude>
    <ClInclude Include="$(ProjectDir)/include\OgreAnimationState.h">
      <Filter>Header Files</Filter>
    </ClInclude>
    <ClInclude Include="$(ProjectDir)/include\OgreAnimationTrack.h">
      <Filter>Header Files</Filter>
    </ClInclude>
    <ClInclude Include="$(ProjectDir)/include\OgreAny.h">
      <Filter>Header Files</Filter>
    </ClInclude>
    <ClInclude Include="$(ProjectDir)/include\OgreArchive.h">
      <Filter>Header Files</Filter>
    </ClInclude>
    <ClInclude Include="$(ProjectDir)/include\OgreArchiveFactory.h">
      <Filter>Header Files</Filter>
    </ClInclude>
    <ClInclude Include="$(ProjectDir)/include\OgreArchiveManager.h">
      <Filter>Header Files</Filter>
    </ClInclude>
    <ClInclude Include="$(ProjectDir)/include\OgreAtomicObject.h">
      <Filter>Header Files</Filter>
    </ClInclude>
    <ClInclude Include="$(ProjectDir)/include\OgreAtomicScalar.h">
      <Filter>Header Files</Filter>
    </ClInclude>
    <ClInclude Include="$(ProjectDir)/include\OgreAutoParamDataSource.h">
      <Filter>Header Files</Filter>
    </ClInclude>
    <ClInclude Include="$(ProjectDir)/include\OgreAxisAlignedBox.h">
      <Filter>Header Files</Filter>
    </ClInclude>
    <ClInclude Include="$(ProjectDir)/include\OgreBillboard.h">
      <Filter>Header Files</Filter>
    </ClInclude>
    <ClInclude Include="$(ProjectDir)/include\OgreBillboardChain.h">
      <Filter>Header Files</Filter>
    </ClInclude>
    <ClInclude Include="$(ProjectDir)/include\OgreBillboardParticleRenderer.h">
      <Filter>Header Files</Filter>
    </ClInclude>
    <ClInclude Include="$(ProjectDir)/include\OgreBillboardSet.h">
      <Filter>Header Files</Filter>
    </ClInclude>
    <ClInclude Include="$(ProjectDir)/include\OgreBitwise.h">
      <Filter>Header Files</Filter>
    </ClInclude>
    <ClInclude Include="$(ProjectDir)/include\OgreBlendMode.h">
      <Filter>Header Files</Filter>
    </ClInclude>
    <ClInclude Include="$(ProjectDir)/include\OgreCamera.h">
      <Filter>Header Files</Filter>
    </ClInclude>
    <ClInclude Include="$(ProjectDir)/include\OgreCodec.h">
      <Filter>Header Files</Filter>
    </ClInclude>
    <ClInclude Include="$(ProjectDir)/include\OgreColourValue.h">
      <Filter>Header Files</Filter>
    </ClInclude>
    <ClInclude Include="$(ProjectDir)/include\OgreCommon.h">
      <Filter>Header Files</Filter>
    </ClInclude>
    <ClInclude Include="$(ProjectDir)/include\OgreConfig.h">
      <Filter>Header Files</Filter>
    </ClInclude>
    <ClInclude Include="$(ProjectDir)/include\OgreConfigDialog.h">
      <Filter>Header Files</Filter>
    </ClInclude>
    <ClInclude Include="$(ProjectDir)/include\OgreConfigFile.h">
      <Filter>Header Files</Filter>
    </ClInclude>
    <ClInclude Include="$(ProjectDir)/include\OgreConfigOptionMap.h">
      <Filter>Header Files</Filter>
    </ClInclude>
    <ClInclude Include="$(ProjectDir)/include\OgreController.h">
      <Filter>Header Files</Filter>
    </ClInclude>
    <ClInclude Include="$(ProjectDir)/include\OgreControllerManager.h">
      <Filter>Header Files</Filter>
    </ClInclude>
    <ClInclude Include="$(ProjectDir)/include\OgreConvexBody.h">
      <Filter>Header Files</Filter>
    </ClInclude>
    <ClInclude Include="$(ProjectDir)/include\OgreCustomCompositionPass.h">
      <Filter>Header Files</Filter>
    </ClInclude>
    <ClInclude Include="$(ProjectDir)/include\OgreDataStream.h">
      <Filter>Header Files</Filter>
    </ClInclude>
    <ClInclude Include="$(ProjectDir)/include\OgreDefaultHardwareBufferManager.h">
      <Filter>Header Files</Filter>
    </ClInclude>
    <ClInclude Include="$(ProjectDir)/include\OgreDeflate.h">
      <Filter>Header Files</Filter>
    </ClInclude>
    <ClInclude Include="$(ProjectDir)/include\OgreDepthBuffer.h">
      <Filter>Header Files</Filter>
    </ClInclude>
    <ClInclude Include="$(ProjectDir)/include\OgreDistanceLodStrategy.h">
      <Filter>Header Files</Filter>
    </ClInclude>
    <ClInclude Include="$(ProjectDir)/include\OgreDualQuaternion.h">
      <Filter>Header Files</Filter>
    </ClInclude>
    <ClInclude Include="$(ProjectDir)/include\OgreDynLib.h">
      <Filter>Header Files</Filter>
    </ClInclude>
    <ClInclude Include="$(ProjectDir)/include\OgreDynLibManager.h">
      <Filter>Header Files</Filter>
    </ClInclude>
    <ClInclude Include="$(ProjectDir)/include\OgreEdgeListBuilder.h">
      <Filter>Header Files</Filter>
    </ClInclude>
    <ClInclude Include="$(ProjectDir)/include\OgreEntity.h">
      <Filter>Header Files</Filter>
    </ClInclude>
    <ClInclude Include="$(ProjectDir)/include\OgreErrorDialog.h">
      <Filter>Header Files</Filter>
    </ClInclude>
    <ClInclude Include="$(ProjectDir)/include\OgreException.h">
      <Filter>Header Files</Filter>
    </ClInclude>
    <ClInclude Include="$(ProjectDir)/include\OgreExternalTextureSource.h">
      <Filter>Header Files</Filter>
    </ClInclude>
    <ClInclude Include="$(ProjectDir)/include\OgreExternalTextureSourceManager.h">
      <Filter>Header Files</Filter>
    </ClInclude>
    <ClInclude Include="$(ProjectDir)/include\OgreFactoryObj.h">
      <Filter>Header Files</Filter>
    </ClInclude>
    <ClInclude Include="$(ProjectDir)/include\OgreFastArray.h">
      <Filter>Header Files</Filter>
    </ClInclude>
    <ClInclude Include="$(ProjectDir)/include\OgreFileSystem.h">
      <Filter>Header Files</Filter>
    </ClInclude>
    <ClInclude Include="$(ProjectDir)/include\OgreFileSystemLayer.h">
      <Filter>Header Files</Filter>
    </ClInclude>
    <ClInclude Include="$(ProjectDir)/include\OgreFrameListener.h">
      <Filter>Header Files</Filter>
    </ClInclude>
    <ClInclude Include="$(ProjectDir)/include\OgreFrameStats.h">
      <Filter>Header Files</Filter>
    </ClInclude>
    <ClInclude Include="$(ProjectDir)/include\OgreFrustum.h">
      <Filter>Header Files</Filter>
    </ClInclude>
    <ClInclude Include="$(ProjectDir)/include\OgreGpuProgram.h">
      <Filter>Header Files</Filter>
    </ClInclude>
    <ClInclude Include="$(ProjectDir)/include\OgreGpuProgramManager.h">
      <Filter>Header Files</Filter>
    </ClInclude>
    <ClInclude Include="$(ProjectDir)/include\OgreGpuProgramParams.h">
      <Filter>Header Files</Filter>
    </ClInclude>
    <ClInclude Include="$(ProjectDir)/include\OgreGpuProgramUsage.h">
      <Filter>Header Files</Filter>
    </ClInclude>
    <ClInclude Include="$(ProjectDir)/include\OgreHardwareBuffer.h">
      <Filter>Header Files</Filter>
    </ClInclude>
    <ClInclude Include="$(ProjectDir)/include\OgreHardwareBufferManager.h">
      <Filter>Header Files</Filter>
    </ClInclude>
    <ClInclude Include="$(ProjectDir)/include\OgreHardwareCounterBuffer.h">
      <Filter>Header Files</Filter>
    </ClInclude>
    <ClInclude Include="$(ProjectDir)/include\OgreHardwareIndexBuffer.h">
      <Filter>Header Files</Filter>
    </ClInclude>
    <ClInclude Include="$(ProjectDir)/include\OgreHardwareOcclusionQuery.h">
      <Filter>Header Files</Filter>
    </ClInclude>
    <ClInclude Include="$(ProjectDir)/include\OgreHardwarePixelBuffer.h">
      <Filter>Header Files</Filter>
    </ClInclude>
    <ClInclude Include="$(ProjectDir)/include\OgreHardwareUniformBuffer.h">
      <Filter>Header Files</Filter>
    </ClInclude>
    <ClInclude Include="$(ProjectDir)/include\OgreHardwareVertexBuffer.h">
      <Filter>Header Files</Filter>
    </ClInclude>
    <ClInclude Include="$(ProjectDir)/include\OgreHeaderPrefix.h">
      <Filter>Header Files</Filter>
    </ClInclude>
    <ClInclude Include="$(ProjectDir)/include\OgreHeaderSuffix.h">
      <Filter>Header Files</Filter>
    </ClInclude>
    <ClInclude Include="$(ProjectDir)/include\OgreHighLevelGpuProgram.h">
      <Filter>Header Files</Filter>
    </ClInclude>
    <ClInclude Include="$(ProjectDir)/include\OgreHighLevelGpuProgramManager.h">
      <Filter>Header Files</Filter>
    </ClInclude>
    <ClInclude Include="$(ProjectDir)/include\OgreHlms.h">
      <Filter>Header Files</Filter>
    </ClInclude>
    <ClInclude Include="$(ProjectDir)/include\OgreHlmsCommon.h">
      <Filter>Header Files</Filter>
    </ClInclude>
    <ClInclude Include="$(ProjectDir)/include\OgreHlmsManager.h">
      <Filter>Header Files</Filter>
    </ClInclude>
    <ClInclude Include="$(ProjectDir)/include\OgreId.h">
      <Filter>Header Files</Filter>
    </ClInclude>
    <ClInclude Include="$(ProjectDir)/include\OgreIdString.h">
      <Filter>Header Files</Filter>
    </ClInclude>
    <ClInclude Include="$(ProjectDir)/include\OgreImage.h">
      <Filter>Header Files</Filter>
    </ClInclude>
    <ClInclude Include="$(ProjectDir)/include\OgreImageCodec.h">
      <Filter>Header Files</Filter>
    </ClInclude>
    <ClInclude Include="$(ProjectDir)/include\OgreInstanceBatch.h">
      <Filter>Header Files</Filter>
    </ClInclude>
    <ClInclude Include="$(ProjectDir)/include\OgreInstanceBatchHW.h">
      <Filter>Header Files</Filter>
    </ClInclude>
    <ClInclude Include="$(ProjectDir)/include\OgreInstanceBatchHW_VTF.h">
      <Filter>Header Files</Filter>
    </ClInclude>
    <ClInclude Include="$(ProjectDir)/include\OgreInstanceBatchShader.h">
      <Filter>Header Files</Filter>
    </ClInclude>
    <ClInclude Include="$(ProjectDir)/include\OgreInstanceBatchVTF.h">
      <Filter>Header Files</Filter>
    </ClInclude>
    <ClInclude Include="$(ProjectDir)/include\OgreInstanceManager.h">
      <Filter>Header Files</Filter>
    </ClInclude>
    <ClInclude Include="$(ProjectDir)/include\OgreInstancedEntity.h">
      <Filter>Header Files</Filter>
    </ClInclude>
    <ClInclude Include="$(ProjectDir)/include\OgreIteratorRange.h">
      <Filter>Header Files</Filter>
    </ClInclude>
    <ClInclude Include="$(ProjectDir)/include\OgreIteratorWrapper.h">
      <Filter>Header Files</Filter>
    </ClInclude>
    <ClInclude Include="$(ProjectDir)/include\OgreIteratorWrappers.h">
      <Filter>Header Files</Filter>
    </ClInclude>
    <ClInclude Include="$(ProjectDir)/include\OgreKeyFrame.h">
      <Filter>Header Files</Filter>
    </ClInclude>
    <ClInclude Include="$(ProjectDir)/include\OgreLight.h">
      <Filter>Header Files</Filter>
    </ClInclude>
    <ClInclude Include="$(ProjectDir)/include\OgreLodListener.h">
      <Filter>Header Files</Filter>
    </ClInclude>
    <ClInclude Include="$(ProjectDir)/include\OgreLodStrategy.h">
      <Filter>Header Files</Filter>
    </ClInclude>
    <ClInclude Include="$(ProjectDir)/include\OgreLodStrategyManager.h">
      <Filter>Header Files</Filter>
    </ClInclude>
    <ClInclude Include="$(ProjectDir)/include\OgreLog.h">
      <Filter>Header Files</Filter>
    </ClInclude>
    <ClInclude Include="$(ProjectDir)/include\OgreLogManager.h">
      <Filter>Header Files</Filter>
    </ClInclude>
    <ClInclude Include="$(ProjectDir)/include\OgreManualObject.h">
      <Filter>Header Files</Filter>
    </ClInclude>
    <ClInclude Include="$(ProjectDir)/include\OgreMaterial.h">
      <Filter>Header Files</Filter>
    </ClInclude>
    <ClInclude Include="$(ProjectDir)/include\OgreMaterialManager.h">
      <Filter>Header Files</Filter>
    </ClInclude>
    <ClInclude Include="$(ProjectDir)/include\OgreMaterialSerializer.h">
      <Filter>Header Files</Filter>
    </ClInclude>
    <ClInclude Include="$(ProjectDir)/include\OgreMath.h">
      <Filter>Header Files</Filter>
    </ClInclude>
    <ClInclude Include="$(ProjectDir)/include\OgreMatrix3.h">
      <Filter>Header Files</Filter>
    </ClInclude>
    <ClInclude Include="$(ProjectDir)/include\OgreMatrix4.h">
      <Filter>Header Files</Filter>
    </ClInclude>
    <ClInclude Include="$(ProjectDir)/include\OgreMemoryAllocatedObject.h">
      <Filter>Header Files</Filter>
    </ClInclude>
    <ClInclude Include="$(ProjectDir)/include\OgreMemoryAllocatorConfig.h">
      <Filter>Header Files</Filter>
    </ClInclude>
    <ClInclude Include="$(ProjectDir)/include\OgreMemoryNedAlloc.h">
      <Filter>Header Files</Filter>
    </ClInclude>
    <ClInclude Include="$(ProjectDir)/include\OgreMemoryNedPooling.h">
      <Filter>Header Files</Filter>
    </ClInclude>
    <ClInclude Include="$(ProjectDir)/include\OgreMemorySTLAllocator.h">
      <Filter>Header Files</Filter>
    </ClInclude>
    <ClInclude Include="$(ProjectDir)/include\OgreMemoryStdAlloc.h">
      <Filter>Header Files</Filter>
    </ClInclude>
    <ClInclude Include="$(ProjectDir)/include\OgreMemoryTrackAlloc.h">
      <Filter>Header Files</Filter>
    </ClInclude>
    <ClInclude Include="$(ProjectDir)/include\OgreMemoryTracker.h">
      <Filter>Header Files</Filter>
    </ClInclude>
    <ClInclude Include="$(ProjectDir)/include\OgreMesh.h">
      <Filter>Header Files</Filter>
    </ClInclude>
    <ClInclude Include="$(ProjectDir)/include\OgreMeshFileFormat.h">
      <Filter>Header Files</Filter>
    </ClInclude>
    <ClInclude Include="$(ProjectDir)/include\OgreMeshManager.h">
      <Filter>Header Files</Filter>
    </ClInclude>
    <ClInclude Include="$(ProjectDir)/include\OgreMeshSerializer.h">
      <Filter>Header Files</Filter>
    </ClInclude>
    <ClInclude Include="$(ProjectDir)/include\OgreMeshSerializerImpl.h">
      <Filter>Header Files</Filter>
    </ClInclude>
    <ClInclude Include="$(ProjectDir)/include\OgreMovableObject.h">
      <Filter>Header Files</Filter>
    </ClInclude>
    <ClInclude Include="$(ProjectDir)/include\OgreMovablePlane.h">
      <Filter>Header Files</Filter>
    </ClInclude>
    <ClInclude Include="$(ProjectDir)/include\OgreNameGenerator.h">
      <Filter>Header Files</Filter>
    </ClInclude>
    <ClInclude Include="$(ProjectDir)/include\OgreNode.h">
      <Filter>Header Files</Filter>
    </ClInclude>
    <ClInclude Include="$(ProjectDir)/include\OgreNumerics.h">
      <Filter>Header Files</Filter>
    </ClInclude>
    <ClInclude Include="$(ProjectDir)/include\OgreOldBone.h">
      <Filter>Header Files</Filter>
    </ClInclude>
    <ClInclude Include="$(ProjectDir)/include\OgreOldNode.h">
      <Filter>Header Files</Filter>
    </ClInclude>
    <ClInclude Include="$(ProjectDir)/include\OgreOldSkeletonInstance.h">
      <Filter>Header Files</Filter>
    </ClInclude>
    <ClInclude Include="$(ProjectDir)/include\OgreOldSkeletonManager.h">
      <Filter>Header Files</Filter>
    </ClInclude>
    <ClInclude Include="$(ProjectDir)/include\OgreOptimisedUtil.h">
      <Filter>Header Files</Filter>
    </ClInclude>
    <ClInclude Include="$(ProjectDir)/include\OgreParticle.h">
      <Filter>Header Files</Filter>
    </ClInclude>
    <ClInclude Include="$(ProjectDir)/include\OgreParticleAffector.h">
      <Filter>Header Files</Filter>
    </ClInclude>
    <ClInclude Include="$(ProjectDir)/include\OgreParticleAffectorFactory.h">
      <Filter>Header Files</Filter>
    </ClInclude>
    <ClInclude Include="$(ProjectDir)/include\OgreParticleEmitter.h">
      <Filter>Header Files</Filter>
    </ClInclude>
    <ClInclude Include="$(ProjectDir)/include\OgreParticleEmitterCommands.h">
      <Filter>Header Files</Filter>
    </ClInclude>
    <ClInclude Include="$(ProjectDir)/include\OgreParticleEmitterFactory.h">
      <Filter>Header Files</Filter>
    </ClInclude>
    <ClInclude Include="$(ProjectDir)/include\OgreParticleIterator.h">
      <Filter>Header Files</Filter>
    </ClInclude>
    <ClInclude Include="$(ProjectDir)/include\OgreParticleSystem.h">
      <Filter>Header Files</Filter>
    </ClInclude>
    <ClInclude Include="$(ProjectDir)/include\OgreParticleSystemManager.h">
      <Filter>Header Files</Filter>
    </ClInclude>
    <ClInclude Include="$(ProjectDir)/include\OgreParticleSystemRenderer.h">
      <Filter>Header Files</Filter>
    </ClInclude>
    <ClInclude Include="$(ProjectDir)/include\OgrePass.h">
      <Filter>Header Files</Filter>
    </ClInclude>
    <ClInclude Include="$(ProjectDir)/include\OgrePatchMesh.h">
      <Filter>Header Files</Filter>
    </ClInclude>
    <ClInclude Include="$(ProjectDir)/include\OgrePatchSurface.h">
      <Filter>Header Files</Filter>
    </ClInclude>
    <ClInclude Include="$(ProjectDir)/include\OgrePixelBox.h">
      <Filter>Header Files</Filter>
    </ClInclude>
    <ClInclude Include="$(ProjectDir)/include\OgrePixelCountLodStrategy.h">
      <Filter>Header Files</Filter>
    </ClInclude>
    <ClInclude Include="$(ProjectDir)/include\OgrePixelFormat.h">
      <Filter>Header Files</Filter>
    </ClInclude>
    <ClInclude Include="$(ProjectDir)/include\OgrePixelFormatDescriptions.h">
      <Filter>Header Files</Filter>
    </ClInclude>
    <ClInclude Include="$(ProjectDir)/include\OgrePlane.h">
      <Filter>Header Files</Filter>
    </ClInclude>
    <ClInclude Include="$(ProjectDir)/include\OgrePlaneBoundedVolume.h">
      <Filter>Header Files</Filter>
    </ClInclude>
    <ClInclude Include="$(ProjectDir)/include\OgrePlatform.h">
      <Filter>Header Files</Filter>
    </ClInclude>
    <ClInclude Include="$(ProjectDir)/include\OgrePlatformInformation.h">
      <Filter>Header Files</Filter>
    </ClInclude>
    <ClInclude Include="$(ProjectDir)/include\OgrePlugin.h">
      <Filter>Header Files</Filter>
    </ClInclude>
    <ClInclude Include="$(ProjectDir)/include\OgrePolygon.h">
      <Filter>Header Files</Filter>
    </ClInclude>
    <ClInclude Include="$(ProjectDir)/include\OgrePose.h">
      <Filter>Header Files</Filter>
    </ClInclude>
    <ClInclude Include="$(ProjectDir)/include\OgrePredefinedControllers.h">
      <Filter>Header Files</Filter>
    </ClInclude>
    <ClInclude Include="$(ProjectDir)/include\OgrePrefabFactory.h">
      <Filter>Header Files</Filter>
    </ClInclude>
    <ClInclude Include="$(ProjectDir)/include\OgrePrerequisites.h">
      <Filter>Header Files</Filter>
    </ClInclude>
    <ClInclude Include="$(ProjectDir)/include\OgreProfiler.h">
      <Filter>Header Files</Filter>
    </ClInclude>
    <ClInclude Include="$(ProjectDir)/include\OgreQuaternion.h">
      <Filter>Header Files</Filter>
    </ClInclude>
    <ClInclude Include="$(ProjectDir)/include\OgreRadixSort.h">
      <Filter>Header Files</Filter>
    </ClInclude>
    <ClInclude Include="$(ProjectDir)/include\OgreRawPtr.h">
      <Filter>Header Files</Filter>
    </ClInclude>
    <ClInclude Include="$(ProjectDir)/include\OgreRay.h">
      <Filter>Header Files</Filter>
    </ClInclude>
    <ClInclude Include="$(ProjectDir)/include\OgreRectangle2D.h">
      <Filter>Header Files</Filter>
    </ClInclude>
    <ClInclude Include="$(ProjectDir)/include\OgreRenderObjectListener.h">
      <Filter>Header Files</Filter>
    </ClInclude>
    <ClInclude Include="$(ProjectDir)/include\OgreRenderOperation.h">
      <Filter>Header Files</Filter>
    </ClInclude>
    <ClInclude Include="$(ProjectDir)/include\OgreRenderQueue.h">
      <Filter>Header Files</Filter>
    </ClInclude>
    <ClInclude Include="$(ProjectDir)/include\OgreRenderQueueInvocation.h">
      <Filter>Header Files</Filter>
    </ClInclude>
    <ClInclude Include="$(ProjectDir)/include\OgreRenderQueueListener.h">
      <Filter>Header Files</Filter>
    </ClInclude>
    <ClInclude Include="$(ProjectDir)/include\OgreRenderQueueSortingGrouping.h">
      <Filter>Header Files</Filter>
    </ClInclude>
    <ClInclude Include="$(ProjectDir)/include\OgreRenderSystem.h">
      <Filter>Header Files</Filter>
    </ClInclude>
    <ClInclude Include="$(ProjectDir)/include\OgreRenderSystemCapabilities.h">
      <Filter>Header Files</Filter>
    </ClInclude>
    <ClInclude Include="$(ProjectDir)/include\OgreRenderSystemCapabilitiesManager.h">
      <Filter>Header Files</Filter>
    </ClInclude>
    <ClInclude Include="$(ProjectDir)/include\OgreRenderSystemCapabilitiesSerializer.h">
      <Filter>Header Files</Filter>
    </ClInclude>
    <ClInclude Include="$(ProjectDir)/include\OgreRenderTarget.h">
      <Filter>Header Files</Filter>
    </ClInclude>
    <ClInclude Include="$(ProjectDir)/include\OgreRenderTargetListener.h">
      <Filter>Header Files</Filter>
    </ClInclude>
    <ClInclude Include="$(ProjectDir)/include\OgreRenderTexture.h">
      <Filter>Header Files</Filter>
    </ClInclude>
    <ClInclude Include="$(ProjectDir)/include\OgreRenderToVertexBuffer.h">
      <Filter>Header Files</Filter>
    </ClInclude>
    <ClInclude Include="$(ProjectDir)/include\OgreRenderWindow.h">
      <Filter>Header Files</Filter>
    </ClInclude>
    <ClInclude Include="$(ProjectDir)/include\OgreRenderable.h">
      <Filter>Header Files</Filter>
    </ClInclude>
    <ClInclude Include="$(ProjectDir)/include\OgreResource.h">
      <Filter>Header Files</Filter>
    </ClInclude>
    <ClInclude Include="$(ProjectDir)/include\OgreResourceBackgroundQueue.h">
      <Filter>Header Files</Filter>
    </ClInclude>
    <ClInclude Include="$(ProjectDir)/include\OgreResourceGroupManager.h">
      <Filter>Header Files</Filter>
    </ClInclude>
    <ClInclude Include="$(ProjectDir)/include\OgreResourceManager.h">
      <Filter>Header Files</Filter>
    </ClInclude>
    <ClInclude Include="$(ProjectDir)/include\OgreRibbonTrail.h">
      <Filter>Header Files</Filter>
    </ClInclude>
    <ClInclude Include="$(ProjectDir)/include\OgreRoot.h">
      <Filter>Header Files</Filter>
    </ClInclude>
    <ClInclude Include="$(ProjectDir)/include\OgreRotationalSpline.h">
      <Filter>Header Files</Filter>
    </ClInclude>
    <ClInclude Include="$(ProjectDir)/include\OgreSceneManager.h">
      <Filter>Header Files</Filter>
    </ClInclude>
    <ClInclude Include="$(ProjectDir)/include\OgreSceneManagerEnumerator.h">
      <Filter>Header Files</Filter>
    </ClInclude>
    <ClInclude Include="$(ProjectDir)/include\OgreSceneNode.h">
      <Filter>Header Files</Filter>
    </ClInclude>
    <ClInclude Include="$(ProjectDir)/include\OgreSceneQuery.h">
      <Filter>Header Files</Filter>
    </ClInclude>
    <ClInclude Include="$(ProjectDir)/include\OgreScriptCompiler.h">
      <Filter>Header Files</Filter>
    </ClInclude>
    <ClInclude Include="$(ProjectDir)/include\OgreScriptLexer.h">
      <Filter>Header Files</Filter>
    </ClInclude>
    <ClInclude Include="$(ProjectDir)/include\OgreScriptLoader.h">
      <Filter>Header Files</Filter>
    </ClInclude>
    <ClInclude Include="$(ProjectDir)/include\OgreScriptParser.h">
      <Filter>Header Files</Filter>
    </ClInclude>
    <ClInclude Include="$(ProjectDir)/include\OgreScriptTranslator.h">
      <Filter>Header Files</Filter>
    </ClInclude>
    <ClInclude Include="$(ProjectDir)/include\OgreSearchOps.h">
      <Filter>Header Files</Filter>
    </ClInclude>
    <ClInclude Include="$(ProjectDir)/include\OgreSerializer.h">
      <Filter>Header Files</Filter>
    </ClInclude>
    <ClInclude Include="$(ProjectDir)/include\OgreShadowCameraSetup.h">
      <Filter>Header Files</Filter>
    </ClInclude>
    <ClInclude Include="$(ProjectDir)/include\OgreShadowCameraSetupFocused.h">
      <Filter>Header Files</Filter>
    </ClInclude>
    <ClInclude Include="$(ProjectDir)/include\OgreShadowCameraSetupPSSM.h">
      <Filter>Header Files</Filter>
    </ClInclude>
    <ClInclude Include="$(ProjectDir)/include\OgreShadowCameraSetupPlaneOptimal.h">
      <Filter>Header Files</Filter>
    </ClInclude>
    <ClInclude Include="$(ProjectDir)/include\OgreShadowTextureManager.h">
      <Filter>Header Files</Filter>
    </ClInclude>
    <ClInclude Include="$(ProjectDir)/include\OgreShadowVolumeExtrudeProgram.h">
      <Filter>Header Files</Filter>
    </ClInclude>
    <ClInclude Include="$(ProjectDir)/include\OgreSharedPtr.h">
      <Filter>Header Files</Filter>
    </ClInclude>
    <ClInclude Include="$(ProjectDir)/include\OgreSimpleRenderable.h">
      <Filter>Header Files</Filter>
    </ClInclude>
    <ClInclude Include="$(ProjectDir)/include\OgreSimpleSpline.h">
      <Filter>Header Files</Filter>
    </ClInclude>
    <ClInclude Include="$(ProjectDir)/include\OgreSingleton.h">
      <Filter>Header Files</Filter>
    </ClInclude>
    <ClInclude Include="$(ProjectDir)/include\OgreSkeleton.h">
      <Filter>Header Files</Filter>
    </ClInclude>
    <ClInclude Include="$(ProjectDir)/include\OgreSkeletonFileFormat.h">
      <Filter>Header Files</Filter>
    </ClInclude>
    <ClInclude Include="$(ProjectDir)/include\OgreSkeletonSerializer.h">
      <Filter>Header Files</Filter>
    </ClInclude>
    <ClInclude Include="$(ProjectDir)/include\OgreSmallVector.h">
      <Filter>Header Files</Filter>
    </ClInclude>
    <ClInclude Include="$(ProjectDir)/include\OgreSphere.h">
      <Filter>Header Files</Filter>
    </ClInclude>
    <ClInclude Include="$(ProjectDir)/include\OgreStableHeaders.h">
      <Filter>Header Files</Filter>
    </ClInclude>
    <ClInclude Include="$(ProjectDir)/include\OgreStaticFaceGroup.h">
      <Filter>Header Files</Filter>
    </ClInclude>
    <ClInclude Include="$(ProjectDir)/include\OgreStaticGeometry.h">
      <Filter>Header Files</Filter>
    </ClInclude>
    <ClInclude Include="$(ProjectDir)/include\OgreStdHeaders.h">
      <Filter>Header Files</Filter>
    </ClInclude>
    <ClInclude Include="$(ProjectDir)/include\OgreStreamSerialiser.h">
      <Filter>Header Files</Filter>
    </ClInclude>
    <ClInclude Include="$(ProjectDir)/include\OgreString.h">
      <Filter>Header Files</Filter>
    </ClInclude>
    <ClInclude Include="$(ProjectDir)/include\OgreStringConverter.h">
      <Filter>Header Files</Filter>
    </ClInclude>
    <ClInclude Include="$(ProjectDir)/include\OgreStringInterface.h">
      <Filter>Header Files</Filter>
    </ClInclude>
    <ClInclude Include="$(ProjectDir)/include\OgreStringVector.h">
      <Filter>Header Files</Filter>
    </ClInclude>
    <ClInclude Include="$(ProjectDir)/include\OgreSubEntity.h">
      <Filter>Header Files</Filter>
    </ClInclude>
    <ClInclude Include="$(ProjectDir)/include\OgreSubMesh.h">
      <Filter>Header Files</Filter>
    </ClInclude>
    <ClInclude Include="$(ProjectDir)/include\OgreTagPoint.h">
      <Filter>Header Files</Filter>
    </ClInclude>
    <ClInclude Include="$(ProjectDir)/include\OgreTangentSpaceCalc.h">
      <Filter>Header Files</Filter>
    </ClInclude>
    <ClInclude Include="$(ProjectDir)/include\OgreTechnique.h">
      <Filter>Header Files</Filter>
    </ClInclude>
    <ClInclude Include="$(ProjectDir)/include\OgreTexture.h">
      <Filter>Header Files</Filter>
    </ClInclude>
    <ClInclude Include="$(ProjectDir)/include\OgreTextureManager.h">
      <Filter>Header Files</Filter>
    </ClInclude>
    <ClInclude Include="$(ProjectDir)/include\OgreTextureUnitState.h">
      <Filter>Header Files</Filter>
    </ClInclude>
    <ClInclude Include="$(ProjectDir)/include\OgreTimer.h">
      <Filter>Header Files</Filter>
    </ClInclude>
    <ClInclude Include="$(ProjectDir)/include\OgreUTFString.h">
      <Filter>Header Files</Filter>
    </ClInclude>
    <ClInclude Include="$(ProjectDir)/include\OgreUnifiedHighLevelGpuProgram.h">
      <Filter>Header Files</Filter>
    </ClInclude>
    <ClInclude Include="$(ProjectDir)/include\OgreUserObjectBindings.h">
      <Filter>Header Files</Filter>
    </ClInclude>
    <ClInclude Include="$(ProjectDir)/include\OgreVector2.h">
      <Filter>Header Files</Filter>
    </ClInclude>
    <ClInclude Include="$(ProjectDir)/include\OgreVector3.h">
      <Filter>Header Files</Filter>
    </ClInclude>
    <ClInclude Include="$(ProjectDir)/include\OgreVector4.h">
      <Filter>Header Files</Filter>
    </ClInclude>
    <ClInclude Include="$(ProjectDir)/include\OgreVertexBoneAssignment.h">
      <Filter>Header Files</Filter>
    </ClInclude>
    <ClInclude Include="$(ProjectDir)/include\OgreVertexIndexData.h">
      <Filter>Header Files</Filter>
    </ClInclude>
    <ClInclude Include="$(ProjectDir)/include\OgreViewport.h">
      <Filter>Header Files</Filter>
    </ClInclude>
    <ClInclude Include="$(ProjectDir)/include\OgreVisibilityFlags.h">
      <Filter>Header Files</Filter>
    </ClInclude>
    <ClInclude Include="$(ProjectDir)/include\OgreWindowEventUtilities.h">
      <Filter>Header Files</Filter>
    </ClInclude>
    <ClInclude Include="$(ProjectDir)/include\OgreWireBoundingBox.h">
      <Filter>Header Files</Filter>
    </ClInclude>
    <ClInclude Include="$(ProjectDir)/include\OgreWorkQueue.h">
      <Filter>Header Files</Filter>
    </ClInclude>
    <ClInclude Include="$(ProjectDir)/include\asm_math.h">
      <Filter>Header Files</Filter>
    </ClInclude>
    <ClInclude Include="$(ProjectDir)/include\OgreInstancedEntity.inl">
      <Filter>Header Files</Filter>
    </ClInclude>
    <ClInclude Include="$(ProjectDir)/include\OgreLight.inl">
      <Filter>Header Files</Filter>
    </ClInclude>
    <ClInclude Include="$(ProjectDir)/include\OgreLodStrategyPrivate.inl">
      <Filter>Header Files</Filter>
    </ClInclude>
    <ClInclude Include="$(ProjectDir)/include\OgreMovableObject.inl">
      <Filter>Header Files</Filter>
    </ClInclude>
    <ClInclude Include="$(ProjectDir)/include\Animation\OgreBone.h">
      <Filter>Header Files\Animation</Filter>
    </ClInclude>
    <ClInclude Include="$(ProjectDir)/include\Animation\OgreSkeletonAnimManager.h">
      <Filter>Header Files\Animation</Filter>
    </ClInclude>
    <ClInclude Include="$(ProjectDir)/include\Animation\OgreSkeletonAnimation.h">
      <Filter>Header Files\Animation</Filter>
    </ClInclude>
    <ClInclude Include="$(ProjectDir)/include\Animation\OgreSkeletonAnimationDef.h">
      <Filter>Header Files\Animation</Filter>
    </ClInclude>
    <ClInclude Include="$(ProjectDir)/include\Animation\OgreSkeletonDef.h">
      <Filter>Header Files\Animation</Filter>
    </ClInclude>
    <ClInclude Include="$(ProjectDir)/include\Animation\OgreSkeletonInstance.h">
      <Filter>Header Files\Animation</Filter>
    </ClInclude>
    <ClInclude Include="$(ProjectDir)/include\Animation\OgreSkeletonManager.h">
      <Filter>Header Files\Animation</Filter>
    </ClInclude>
    <ClInclude Include="$(ProjectDir)/include\Animation\OgreSkeletonTrack.h">
      <Filter>Header Files\Animation</Filter>
    </ClInclude>
    <ClInclude Include="$(ProjectDir)/include\Animation\OgreBone.inl">
      <Filter>Header Files\Animation</Filter>
    </ClInclude>
    <ClInclude Include="$(ProjectDir)/include\Compositor\OgreCompositorChannel.h">
      <Filter>Header Files\Compositor</Filter>
    </ClInclude>
    <ClInclude Include="$(ProjectDir)/include\Compositor\OgreCompositorCommon.h">
      <Filter>Header Files\Compositor</Filter>
    </ClInclude>
    <ClInclude Include="$(ProjectDir)/include\Compositor\OgreCompositorManager2.h">
      <Filter>Header Files\Compositor</Filter>
    </ClInclude>
    <ClInclude Include="$(ProjectDir)/include\Compositor\OgreCompositorNode.h">
      <Filter>Header Files\Compositor</Filter>
    </ClInclude>
    <ClInclude Include="$(ProjectDir)/include\Compositor\OgreCompositorNodeDef.h">
      <Filter>Header Files\Compositor</Filter>
    </ClInclude>
    <ClInclude Include="$(ProjectDir)/include\Compositor\OgreCompositorShadowNode.h">
      <Filter>Header Files\Compositor</Filter>
    </ClInclude>
    <ClInclude Include="$(ProjectDir)/include\Compositor\OgreCompositorShadowNodeDef.h">
      <Filter>Header Files\Compositor</Filter>
    </ClInclude>
    <ClInclude Include="$(ProjectDir)/include\Compositor\OgreCompositorWorkspace.h">
      <Filter>Header Files\Compositor</Filter>
    </ClInclude>
    <ClInclude Include="$(ProjectDir)/include\Compositor\OgreCompositorWorkspaceDef.h">
      <Filter>Header Files\Compositor</Filter>
    </ClInclude>
    <ClInclude Include="$(ProjectDir)/include\Compositor\OgreCompositorWorkspaceListener.h">
      <Filter>Header Files\Compositor</Filter>
    </ClInclude>
    <ClInclude Include="$(ProjectDir)/include\Compositor\OgreTextureDefinition.h">
      <Filter>Header Files\Compositor</Filter>
    </ClInclude>
    <ClInclude Include="$(ProjectDir)/include\Compositor\Pass\OgreCompositorPass.h">
      <Filter>Header Files\Compositor\Pass</Filter>
    </ClInclude>
    <ClInclude Include="$(ProjectDir)/include\Compositor\Pass\OgreCompositorPassDef.h">
      <Filter>Header Files\Compositor\Pass</Filter>
    </ClInclude>
    <ClInclude Include="$(ProjectDir)/include\Compositor\Pass\OgreCompositorPassProvider.h">
      <Filter>Header Files\Compositor\Pass</Filter>
    </ClInclude>
    <ClInclude Include="$(ProjectDir)/include\Compositor\Pass\PassClear\OgreCompositorPassClear.h">
      <Filter>Header Files\Compositor\Pass\PassClear</Filter>
    </ClInclude>
    <ClInclude Include="$(ProjectDir)/include\Compositor\Pass\PassClear\OgreCompositorPassClearDef.h">
      <Filter>Header Files\Compositor\Pass\PassClear</Filter>
    </ClInclude>
    <ClInclude Include="$(ProjectDir)/include\Compositor\Pass\PassQuad\OgreCompositorPassQuad.h">
      <Filter>Header Files\Compositor\Pass\PassQuad</Filter>
    </ClInclude>
    <ClInclude Include="$(ProjectDir)/include\Compositor\Pass\PassQuad\OgreCompositorPassQuadDef.h">
      <Filter>Header Files\Compositor\Pass\PassQuad</Filter>
    </ClInclude>
    <ClInclude Include="$(ProjectDir)/include\Compositor\Pass\PassScene\OgreCompositorPassScene.h">
      <Filter>Header Files\Compositor\Pass\PassScene</Filter>
    </ClInclude>
    <ClInclude Include="$(ProjectDir)/include\Compositor\Pass\PassScene\OgreCompositorPassSceneDef.h">
      <Filter>Header Files\Compositor\Pass\PassScene</Filter>
    </ClInclude>
    <ClInclude Include="$(ProjectDir)/include\Compositor\Pass\PassStencil\OgreCompositorPassStencil.h">
      <Filter>Header Files\Compositor\Pass\PassStencil</Filter>
    </ClInclude>
    <ClInclude Include="$(ProjectDir)/include\Compositor\Pass\PassStencil\OgreCompositorPassStencilDef.h">
      <Filter>Header Files\Compositor\Pass\PassStencil</Filter>
    </ClInclude>
    <ClInclude Include="$(ProjectDir)/include\Hash\MurmurHash3.h">
      <Filter>Header Files\Hash</Filter>
    </ClInclude>
    <ClInclude Include="$(ProjectDir)/include\Math\Array\OgreArrayAabb.h">
      <Filter>Header Files\Math\Array</Filter>
    </ClInclude>
    <ClInclude Include="$(ProjectDir)/include\Math\Array\OgreArrayConfig.h">
      <Filter>Header Files\Math\Array</Filter>
    </ClInclude>
    <ClInclude Include="$(ProjectDir)/include\Math\Array\OgreArrayMatrix4.h">
      <Filter>Header Files\Math\Array</Filter>
    </ClInclude>
    <ClInclude Include="$(ProjectDir)/include\Math\Array\OgreArrayMatrixAf4x3.h">
      <Filter>Header Files\Math\Array</Filter>
    </ClInclude>
    <ClInclude Include="$(ProjectDir)/include\Math\Array\OgreArrayMemoryManager.h">
      <Filter>Header Files\Math\Array</Filter>
    </ClInclude>
    <ClInclude Include="$(ProjectDir)/include\Math\Array\OgreArrayQuaternion.h">
      <Filter>Header Files\Math\Array</Filter>
    </ClInclude>
    <ClInclude Include="$(ProjectDir)/include\Math\Array\OgreArraySphere.h">
      <Filter>Header Files\Math\Array</Filter>
    </ClInclude>
    <ClInclude Include="$(ProjectDir)/include\Math\Array\OgreArrayVector3.h">
      <Filter>Header Files\Math\Array</Filter>
    </ClInclude>
    <ClInclude Include="$(ProjectDir)/include\Math\Array\OgreBoneArrayMemoryManager.h">
      <Filter>Header Files\Math\Array</Filter>
    </ClInclude>
    <ClInclude Include="$(ProjectDir)/include\Math\Array\OgreBoneMemoryManager.h">
      <Filter>Header Files\Math\Array</Filter>
    </ClInclude>
    <ClInclude Include="$(ProjectDir)/include\Math\Array\OgreBoneTransform.h">
      <Filter>Header Files\Math\Array</Filter>
    </ClInclude>
    <ClInclude Include="$(ProjectDir)/include\Math\Array\OgreBooleanMask.h">
      <Filter>Header Files\Math\Array</Filter>
    </ClInclude>
    <ClInclude Include="$(ProjectDir)/include\Math\Array\OgreKfTransform.h">
      <Filter>Header Files\Math\Array</Filter>
    </ClInclude>
    <ClInclude Include="$(ProjectDir)/include\Math\Array\OgreKfTransformArrayMemoryManager.h">
      <Filter>Header Files\Math\Array</Filter>
    </ClInclude>
    <ClInclude Include="$(ProjectDir)/include\Math\Array\OgreMathlib.h">
      <Filter>Header Files\Math\Array</Filter>
    </ClInclude>
    <ClInclude Include="$(ProjectDir)/include\Math\Array\OgreNodeMemoryManager.h">
      <Filter>Header Files\Math\Array</Filter>
    </ClInclude>
    <ClInclude Include="$(ProjectDir)/include\Math\Array\OgreObjectData.h">
      <Filter>Header Files\Math\Array</Filter>
    </ClInclude>
    <ClInclude Include="$(ProjectDir)/include\Math\Array\OgreObjectMemoryManager.h">
      <Filter>Header Files\Math\Array</Filter>
    </ClInclude>
    <ClInclude Include="$(ProjectDir)/include\Math\Array\OgreTransform.h">
      <Filter>Header Files\Math\Array</Filter>
    </ClInclude>
    <ClInclude Include="$(ProjectDir)/include\Math\Simple\OgreAabb.h">
      <Filter>Header Files\Math\Simple</Filter>
    </ClInclude>
    <ClInclude Include="$(ProjectDir)/include\Math\Simple\C\OgreAabb.h">
      <Filter>Header Files\Math\Simple\C</Filter>
    </ClInclude>
    <ClInclude Include="$(ProjectDir)/include\Math\Simple\C\OgreAabb.inl">
      <Filter>Header Files\Math\Simple\C</Filter>
    </ClInclude>
    <ClInclude Include="$(ProjectDir)/include/OgreBuildSettings.h">
      <Filter>Header Files</Filter>
    </ClInclude>
    <ClInclude Include="$(ProjectDir)/src\OgreImageResampler.h">
      <Filter>Header Files</Filter>
    </ClInclude>
    <ClInclude Include="$(ProjectDir)/src\OgrePixelConversions.h">
      <Filter>Header Files</Filter>
    </ClInclude>
    <ClInclude Include="$(ProjectDir)/src\OgreSIMDHelper.h">
      <Filter>Header Files</Filter>
    </ClInclude>
    <ClInclude Include="$(ProjectDir)/include\Math\Array\C\OgreArrayAabb.h">
      <Filter>Header Files\Math\Array\C</Filter>
    </ClInclude>
    <ClInclude Include="$(ProjectDir)/include\Math\Array\C\OgreArrayMatrix4.h">
      <Filter>Header Files\Math\Array\C</Filter>
    </ClInclude>
    <ClInclude Include="$(ProjectDir)/include\Math\Array\C\OgreArrayMatrixAf4x3.h">
      <Filter>Header Files\Math\Array\C</Filter>
    </ClInclude>
    <ClInclude Include="$(ProjectDir)/include\Math\Array\C\OgreArrayQuaternion.h">
      <Filter>Header Files\Math\Array\C</Filter>
    </ClInclude>
    <ClInclude Include="$(ProjectDir)/include\Math\Array\C\OgreArraySphere.h">
      <Filter>Header Files\Math\Array\C</Filter>
    </ClInclude>
    <ClInclude Include="$(ProjectDir)/include\Math\Array\C\OgreArrayVector3.h">
      <Filter>Header Files\Math\Array\C</Filter>
    </ClInclude>
    <ClInclude Include="$(ProjectDir)/include\Math\Array\C\OgreBooleanMask.h">
      <Filter>Header Files\Math\Array\C</Filter>
    </ClInclude>
    <ClInclude Include="$(ProjectDir)/include\Math\Array\C\OgreMathlibC.h">
      <Filter>Header Files\Math\Array\C</Filter>
    </ClInclude>
    <ClInclude Include="$(ProjectDir)/include\Math\Array\C\OgreArrayAabb.inl">
      <Filter>Header Files\Math\Array\C</Filter>
    </ClInclude>
    <ClInclude Include="$(ProjectDir)/include\Math\Array\C\OgreArrayMatrix4.inl">
      <Filter>Header Files\Math\Array\C</Filter>
    </ClInclude>
    <ClInclude Include="$(ProjectDir)/include\Math\Array\C\OgreArrayMatrixAf4x3.inl">
      <Filter>Header Files\Math\Array\C</Filter>
    </ClInclude>
    <ClInclude Include="$(ProjectDir)/include\Math\Array\C\OgreArrayQuaternion.inl">
      <Filter>Header Files\Math\Array\C</Filter>
    </ClInclude>
    <ClInclude Include="$(ProjectDir)/include\Math\Array\C\OgreArraySphere.inl">
      <Filter>Header Files\Math\Array\C</Filter>
    </ClInclude>
    <ClInclude Include="$(ProjectDir)/include\Math\Array\C\OgreArrayVector3.inl">
      <Filter>Header Files\Math\Array\C</Filter>
    </ClInclude>
    <ClInclude Include="$(ProjectDir)/include\Math\Array\C\OgreBooleanMask.inl">
      <Filter>Header Files\Math\Array\C</Filter>
    </ClInclude>
    <ClInclude Include="$(ProjectDir)/include\Math\Array\C\OgreMathlibC.inl">
      <Filter>Header Files\Math\Array\C</Filter>
    </ClInclude>
    <ClInclude Include="$(ProjectDir)/include\Threading\OgreBarrier.h">
      <Filter>Header Files\Threading</Filter>
    </ClInclude>
    <ClInclude Include="$(ProjectDir)/include\Threading\OgreLightweightMutex.h">
      <Filter>Header Files\Threading</Filter>
    </ClInclude>
    <ClInclude Include="$(ProjectDir)/include\Threading\OgreThreadDefines.h">
      <Filter>Header Files\Threading</Filter>
    </ClInclude>
    <ClInclude Include="$(ProjectDir)/include\Threading\OgreThreadHeaders.h">
      <Filter>Header Files\Threading</Filter>
    </ClInclude>
    <ClInclude Include="$(ProjectDir)/include\Threading\OgreThreads.h">
      <Filter>Header Files\Threading</Filter>
    </ClInclude>
    <ClInclude Include="$(ProjectDir)/include\Threading\OgreDefaultWorkQueue.h">
      <Filter>Header Files\Threading</Filter>
    </ClInclude>
    <ClInclude Include="$(ProjectDir)/include\Threading\OgreUniformScalableTask.h">
      <Filter>Header Files\Threading</Filter>
    </ClInclude>
    <ClInclude Include="$(ProjectDir)/include\Threading\OgreThreadDefinesNone.h">
      <Filter>Header Files\Threading</Filter>
    </ClInclude>
    <ClInclude Include="$(ProjectDir)/include\Threading\OgreDefaultWorkQueueStandard.h">
      <Filter>Header Files\Threading</Filter>
    </ClInclude>
    <ClInclude Include="$(ProjectDir)/include\OgreFreeImageCodec.h">
      <Filter>Header Files</Filter>
    </ClInclude>
    <ClInclude Include="$(ProjectDir)/include\OgreDDSCodec.h">
      <Filter>Header Files</Filter>
    </ClInclude>
    <ClInclude Include="$(ProjectDir)/include\OgrePVRTCCodec.h">
      <Filter>Header Files</Filter>
    </ClInclude>
    <ClInclude Include="$(ProjectDir)/include\OgreETCCodec.h">
      <Filter>Header Files</Filter>
    </ClInclude>
    <ClInclude Include="$(ProjectDir)/include\OgreZip.h">
      <Filter>Header Files</Filter>
    </ClInclude>
    <ClInclude Include="$(ProjectDir)/include\WIN32\OgreConfigDialogImp.h">
      <Filter>Header Files</Filter>
    </ClInclude>
    <ClInclude Include="$(ProjectDir)/include\WIN32\OgreErrorDialogImp.h">
      <Filter>Header Files</Filter>
    </ClInclude>
    <ClInclude Include="$(ProjectDir)/include\WIN32\OgreTimerImp.h">
      <Filter>Header Files</Filter>
    </ClInclude>
    <ClInclude Include="$(ProjectDir)/include\WIN32\OgreMinGWSupport.h">
      <Filter>Header Files</Filter>
    </ClInclude>
    <ClInclude Include="$(ProjectDir)/src\WIN32\resource.h">
      <Filter>Resources</Filter>
    </ClInclude>
  </ItemGroup>
  <ItemGroup>
    <ResourceCompile Include="$(ProjectDir)/src\WIN32\OgreWin32Resources.rc">
      <Filter>Resources</Filter>
    </ResourceCompile>
  </ItemGroup>
  <ItemGroup>
    <Filter Include="Source Files">
      <UniqueIdentifier>{8D3C5C6B-9F29-3913-8507-640372B125AC}</UniqueIdentifier>
    </Filter>
    <Filter Include="Header Files">
      <UniqueIdentifier>{42C92AF3-9A6A-35C0-ADE1-46524E2FEC6A}</UniqueIdentifier>
    </Filter>
    <Filter Include="Resources">
      <UniqueIdentifier>{661DC8D1-0244-3641-8F67-ED7079D3B6EE}</UniqueIdentifier>
    </Filter>
    <Filter Include="Source Files\Math\Array\C">
      <UniqueIdentifier>{603611BF-8BC6-32DF-A343-80C12E730518}</UniqueIdentifier>
    </Filter>
    <Filter Include="Source Files\Compositor\Pass">
      <UniqueIdentifier>{62EE539C-236D-3161-99E3-B8A5FF7663EE}</UniqueIdentifier>
    </Filter>
    <Filter Include="Source Files\Math\Array">
      <UniqueIdentifier>{FA879770-0039-3708-A724-913B82DA5B98}</UniqueIdentifier>
    </Filter>
    <Filter Include="Source Files\Math\Simple">
      <UniqueIdentifier>{B3B293CC-6241-32F1-BDFF-6A6C13E29A7A}</UniqueIdentifier>
    </Filter>
    <Filter Include="Header Files\Math\Array">
      <UniqueIdentifier>{0F3BA6C0-5D6D-3647-93F0-DFC1C39576F8}</UniqueIdentifier>
    </Filter>
    <Filter Include="Header Files\Math\Simple">
      <UniqueIdentifier>{54B697CF-4324-30B7-9BAC-71D903554175}</UniqueIdentifier>
    </Filter>
    <Filter Include="Header Files\Math\Simple\C">
      <UniqueIdentifier>{DFFF5DBA-7A6B-3EAE-AF4A-BD392A055972}</UniqueIdentifier>
    </Filter>
    <Filter Include="Header Files\Math\Array\C">
      <UniqueIdentifier>{0FC14E12-8ACE-3BE1-9442-8269D5725725}</UniqueIdentifier>
    </Filter>
    <Filter Include="Header Files\Compositor\Pass">
      <UniqueIdentifier>{19C45E68-9613-33F0-AFBE-2AC398022A6A}</UniqueIdentifier>
    </Filter>
    <Filter Include="Source Files\Math\Simple\C">
      <UniqueIdentifier>{95AC6361-FF86-3F59-B8E9-52E1A7065F4B}</UniqueIdentifier>
    </Filter>
    <Filter Include="Source Files\Animation">
      <UniqueIdentifier>{E2395F20-6178-39FF-A277-57AA4F1A3B91}</UniqueIdentifier>
    </Filter>
    <Filter Include="Source Files\Compositor">
      <UniqueIdentifier>{85CBC88D-4A5D-304A-B163-6572BB010649}</UniqueIdentifier>
    </Filter>
    <Filter Include="Source Files\Hash">
      <UniqueIdentifier>{E79E149C-0EA6-3595-9677-0DAB8471F763}</UniqueIdentifier>
    </Filter>
    <Filter Include="Source Files\Math">
      <UniqueIdentifier>{4902D0E4-B501-3FDB-B1CD-8CB1EF357525}</UniqueIdentifier>
    </Filter>
    <Filter Include="Source Files\Threading">
      <UniqueIdentifier>{256D96CC-5BFD-3095-9B67-9CDF5816B31B}</UniqueIdentifier>
    </Filter>
    <Filter Include="Header Files\Animation">
      <UniqueIdentifier>{DDCA7EFA-A6FC-37C2-9D8C-37E722879CAA}</UniqueIdentifier>
    </Filter>
    <Filter Include="Header Files\Compositor">
      <UniqueIdentifier>{6D09E2EA-9AB3-3177-96A0-8A6A4BC4E48A}</UniqueIdentifier>
    </Filter>
    <Filter Include="Header Files\Hash">
      <UniqueIdentifier>{DC4F037E-7DED-3041-A8A3-456579EB0974}</UniqueIdentifier>
    </Filter>
    <Filter Include="Header Files\Math">
      <UniqueIdentifier>{B37333AC-9DB5-37EB-A75A-2D1DE7100293}</UniqueIdentifier>
    </Filter>
    <Filter Include="Header Files\Threading">
      <UniqueIdentifier>{5E9508CA-5D16-3EA7-BAC3-CEF6FE4E1A42}</UniqueIdentifier>
    </Filter>
    <Filter Include="Source Files\Compositor\Pass\PassClear">
      <UniqueIdentifier>{3897AA84-82DC-3719-A759-C38A25A5E772}</UniqueIdentifier>
    </Filter>
    <Filter Include="Source Files\Compositor\Pass\PassQuad">
      <UniqueIdentifier>{AF5DD873-C58A-30AE-B0B7-C95A30AA9748}</UniqueIdentifier>
    </Filter>
    <Filter Include="Source Files\Compositor\Pass\PassScene">
      <UniqueIdentifier>{1356D7AF-6250-348F-8DB5-9E913B55652A}</UniqueIdentifier>
    </Filter>
    <Filter Include="Source Files\Compositor\Pass\PassStencil">
      <UniqueIdentifier>{427B30A0-0A95-34F5-B023-44883015D6E8}</UniqueIdentifier>
    </Filter>
    <Filter Include="Header Files\Compositor\Pass\PassClear">
      <UniqueIdentifier>{4932D104-0107-3C3D-AF25-F9CF2B18ED6B}</UniqueIdentifier>
    </Filter>
    <Filter Include="Header Files\Compositor\Pass\PassQuad">
      <UniqueIdentifier>{F098B262-852A-3E8B-8E94-343147F0F324}</UniqueIdentifier>
    </Filter>
    <Filter Include="Header Files\Compositor\Pass\PassScene">
      <UniqueIdentifier>{A67A2FC4-C51F-33B7-9211-DF7E44A1E0AA}</UniqueIdentifier>
    </Filter>
    <Filter Include="Header Files\Compositor\Pass\PassStencil">
      <UniqueIdentifier>{3C391748-57A5-332B-B086-944BE1BC362D}</UniqueIdentifier>
    </Filter>
  </ItemGroup>
</Project>
