<?xml version="1.0" encoding="UTF-8"?>
<Project ToolsVersion="12.0" xmlns="http://schemas.microsoft.com/developer/msbuild/2003">
  <ItemGroup>
    <ClCompile Include="$(ProjectDir)/src\GLSL\src\OgreGLSLExtSupport.cpp">
      <Filter>GLSL</Filter>
    </ClCompile>
    <ClCompile Include="$(ProjectDir)/src\GLSL\src\OgreGLSLGpuProgram.cpp">
      <Filter>GLSL</Filter>
    </ClCompile>
    <ClCompile Include="$(ProjectDir)/src\GLSL\src\OgreGLSLLinkProgram.cpp">
      <Filter>GLSL</Filter>
    </ClCompile>
    <ClCompile Include="$(ProjectDir)/src\GLSL\src\OgreGLSLLinkProgramManager.cpp">
      <Filter>GLSL</Filter>
    </ClCompile>
    <ClCompile Include="$(ProjectDir)/src\GLSL\src\OgreGLSLPreprocessor.cpp">
      <Filter>GLSL</Filter>
    </ClCompile>
    <ClCompile Include="$(ProjectDir)/src\GLSL\src\OgreGLSLProgram.cpp">
      <Filter>GLSL</Filter>
    </ClCompile>
    <ClCompile Include="$(ProjectDir)/src\GLSL\src\OgreGLSLProgramFactory.cpp">
      <Filter>GLSL</Filter>
    </ClCompile>
    <ClCompile Include="$(ProjectDir)/src\atifs\src\ATI_FS_GLGpuProgram.cpp">
      <Filter>ATIFS</Filter>
    </ClCompile>
    <ClCompile Include="$(ProjectDir)/src\atifs\src\Compiler2Pass.cpp">
      <Filter>ATIFS</Filter>
    </ClCompile>
    <ClCompile Include="$(ProjectDir)/src\atifs\src\ps_1_4.cpp">
      <Filter>ATIFS</Filter>
    </ClCompile>
    <ClCompile Include="$(ProjectDir)/src\nvparse\_ps1.0_lexer.cpp">
      <Filter>NVparse</Filter>
    </ClCompile>
    <ClCompile Include="$(ProjectDir)/src\nvparse\_ps1.0_parser.cpp">
      <Filter>NVparse</Filter>
    </ClCompile>
    <ClCompile Include="$(ProjectDir)/src\nvparse\_rc1.0_lexer.cpp">
      <Filter>NVparse</Filter>
    </ClCompile>
    <ClCompile Include="$(ProjectDir)/src\nvparse\_rc1.0_parser.cpp">
      <Filter>NVparse</Filter>
    </ClCompile>
    <ClCompile Include="$(ProjectDir)/src\nvparse\_ts1.0_lexer.cpp">
      <Filter>NVparse</Filter>
    </ClCompile>
    <ClCompile Include="$(ProjectDir)/src\nvparse\_ts1.0_parser.cpp">
      <Filter>NVparse</Filter>
    </ClCompile>
    <ClCompile Include="$(ProjectDir)/src\nvparse\_vs1.0_lexer.cpp">
      <Filter>NVparse</Filter>
    </ClCompile>
    <ClCompile Include="$(ProjectDir)/src\nvparse\_vs1.0_parser.cpp">
      <Filter>NVparse</Filter>
    </ClCompile>
    <ClCompile Include="$(ProjectDir)/src\nvparse\avp1.0_impl.cpp">
      <Filter>NVparse</Filter>
    </ClCompile>
    <ClCompile Include="$(ProjectDir)/src\nvparse\nvparse.cpp">
      <Filter>NVparse</Filter>
    </ClCompile>
    <ClCompile Include="$(ProjectDir)/src\nvparse\nvparse_errors.cpp">
      <Filter>NVparse</Filter>
    </ClCompile>
    <ClCompile Include="$(ProjectDir)/src\nvparse\ps1.0_program.cpp">
      <Filter>NVparse</Filter>
    </ClCompile>
    <ClCompile Include="$(ProjectDir)/src\nvparse\rc1.0_combiners.cpp">
      <Filter>NVparse</Filter>
    </ClCompile>
    <ClCompile Include="$(ProjectDir)/src\nvparse\rc1.0_final.cpp">
      <Filter>NVparse</Filter>
    </ClCompile>
    <ClCompile Include="$(ProjectDir)/src\nvparse\rc1.0_general.cpp">
      <Filter>NVparse</Filter>
    </ClCompile>
    <ClCompile Include="$(ProjectDir)/src\nvparse\ts1.0_inst.cpp">
      <Filter>NVparse</Filter>
    </ClCompile>
    <ClCompile Include="$(ProjectDir)/src\nvparse\ts1.0_inst_list.cpp">
      <Filter>NVparse</Filter>
    </ClCompile>
    <ClCompile Include="$(ProjectDir)/src\nvparse\vcp1.0_impl.cpp">
      <Filter>NVparse</Filter>
    </ClCompile>
    <ClCompile Include="$(ProjectDir)/src\nvparse\vp1.0_impl.cpp">
      <Filter>NVparse</Filter>
    </ClCompile>
    <ClCompile Include="$(ProjectDir)/src\nvparse\vs1.0_inst.cpp">
      <Filter>NVparse</Filter>
    </ClCompile>
    <ClCompile Include="$(ProjectDir)/src\nvparse\vs1.0_inst_list.cpp">
      <Filter>NVparse</Filter>
    </ClCompile>
    <ClCompile Include="$(ProjectDir)/src\nvparse\vsp1.0_impl.cpp">
      <Filter>NVparse</Filter>
    </ClCompile>
    <ClCompile Include="$(ProjectDir)/src\Win32\OgreWin32Context.cpp">
      <Filter>Source Files</Filter>
    </ClCompile>
    <ClCompile Include="$(ProjectDir)/src\Win32\OgreWin32GLSupport.cpp">
      <Filter>Source Files</Filter>
    </ClCompile>
    <ClCompile Include="$(ProjectDir)/src\Win32\OgreWin32RenderTexture.cpp">
      <Filter>Source Files</Filter>
    </ClCompile>
    <ClCompile Include="$(ProjectDir)/src\Win32\OgreWin32Window.cpp">
      <Filter>Source Files</Filter>
    </ClCompile>
    <ClCompile Include="$(ProjectDir)/src\OgreGLATIFSInit.cpp">
      <Filter>Source Files</Filter>
    </ClCompile>
    <ClCompile Include="$(ProjectDir)/src\OgreGLContext.cpp">
      <Filter>Source Files</Filter>
    </ClCompile>
    <ClCompile Include="$(ProjectDir)/src\OgreGLDefaultHardwareBufferManager.cpp">
      <Filter>Source Files</Filter>
    </ClCompile>
    <ClCompile Include="$(ProjectDir)/src\OgreGLDepthBuffer.cpp">
      <Filter>Source Files</Filter>
    </ClCompile>
    <ClCompile Include="$(ProjectDir)/src\OgreGLEngineDll.cpp">
      <Filter>Source Files</Filter>
    </ClCompile>
    <ClCompile Include="$(ProjectDir)/src\OgreGLFBOMultiRenderTarget.cpp">
      <Filter>Source Files</Filter>
    </ClCompile>
    <ClCompile Include="$(ProjectDir)/src\OgreGLFBORenderTexture.cpp">
      <Filter>Source Files</Filter>
    </ClCompile>
    <ClCompile Include="$(ProjectDir)/src\OgreGLFrameBufferObject.cpp">
      <Filter>Source Files</Filter>
    </ClCompile>
    <ClCompile Include="$(ProjectDir)/src\OgreGLGpuNvparseProgram.cpp">
      <Filter>Source Files</Filter>
    </ClCompile>
    <ClCompile Include="$(ProjectDir)/src\OgreGLGpuProgram.cpp">
      <Filter>Source Files</Filter>
    </ClCompile>
    <ClCompile Include="$(ProjectDir)/src\OgreGLGpuProgramManager.cpp">
      <Filter>Source Files</Filter>
    </ClCompile>
    <ClCompile Include="$(ProjectDir)/src\OgreGLHardwareBufferManager.cpp">
      <Filter>Source Files</Filter>
    </ClCompile>
    <ClCompile Include="$(ProjectDir)/src\OgreGLHardwareIndexBuffer.cpp">
      <Filter>Source Files</Filter>
    </ClCompile>
    <ClCompile Include="$(ProjectDir)/src\OgreGLHardwareOcclusionQuery.cpp">
      <Filter>Source Files</Filter>
    </ClCompile>
    <ClCompile Include="$(ProjectDir)/src\OgreGLHardwarePixelBuffer.cpp">
      <Filter>Source Files</Filter>
    </ClCompile>
    <ClCompile Include="$(ProjectDir)/src\OgreGLHardwareVertexBuffer.cpp">
      <Filter>Source Files</Filter>
    </ClCompile>
    <ClCompile Include="$(ProjectDir)/src\OgreGLPBRenderTexture.cpp">
      <Filter>Source Files</Filter>
    </ClCompile>
    <ClCompile Include="$(ProjectDir)/src\OgreGLPixelFormat.cpp">
      <Filter>Source Files</Filter>
    </ClCompile>
    <ClCompile Include="$(ProjectDir)/src\OgreGLPlugin.cpp">
      <Filter>Source Files</Filter>
    </ClCompile>
    <ClCompile Include="$(ProjectDir)/src\OgreGLRenderSystem.cpp">
      <Filter>Source Files</Filter>
    </ClCompile>
    <ClCompile Include="$(ProjectDir)/src\OgreGLRenderTexture.cpp">
      <Filter>Source Files</Filter>
    </ClCompile>
    <ClCompile Include="$(ProjectDir)/src\OgreGLRenderToVertexBuffer.cpp">
      <Filter>Source Files</Filter>
    </ClCompile>
    <ClCompile Include="$(ProjectDir)/src\OgreGLStateCacheManager.cpp">
      <Filter>Source Files</Filter>
    </ClCompile>
    <ClCompile Include="$(ProjectDir)/src\OgreGLSupport.cpp">
      <Filter>Source Files</Filter>
    </ClCompile>
    <ClCompile Include="$(ProjectDir)/src\OgreGLTexture.cpp">
      <Filter>Source Files</Filter>
    </ClCompile>
    <ClCompile Include="$(ProjectDir)/src\OgreGLTextureManager.cpp">
      <Filter>Source Files</Filter>
    </ClCompile>
    <ClCompile Include="$(ProjectDir)/src\OgreGLUniformCache.cpp">
      <Filter>Source Files</Filter>
    </ClCompile>
    <ClCompile Include="$(ProjectDir)/src\glew.cpp">
      <Filter>Source Files</Filter>
    </ClCompile>
    <ClCompile Include="$(ProjectDir)/src\StateCacheManager\OgreGLNullStateCacheManagerImp.cpp">
      <Filter>Source Files</Filter>
    </ClCompile>
    <ClCompile Include="$(ProjectDir)/src\StateCacheManager\OgreGLNullUniformCacheImp.cpp">
      <Filter>Source Files</Filter>
    </ClCompile>
  </ItemGroup>
  <ItemGroup>
    <ClInclude Include="$(ProjectDir)/include\OgreGLATIFSInit.h">
      <Filter>Header Files</Filter>
    </ClInclude>
    <ClInclude Include="$(ProjectDir)/include\OgreGLContext.h">
      <Filter>Header Files</Filter>
    </ClInclude>
    <ClInclude Include="$(ProjectDir)/include\OgreGLDefaultHardwareBufferManager.h">
      <Filter>Header Files</Filter>
    </ClInclude>
    <ClInclude Include="$(ProjectDir)/include\OgreGLDepthBuffer.h">
      <Filter>Header Files</Filter>
    </ClInclude>
    <ClInclude Include="$(ProjectDir)/include\OgreGLFBOMultiRenderTarget.h">
      <Filter>Header Files</Filter>
    </ClInclude>
    <ClInclude Include="$(ProjectDir)/include\OgreGLFBORenderTexture.h">
      <Filter>Header Files</Filter>
    </ClInclude>
    <ClInclude Include="$(ProjectDir)/include\OgreGLFrameBufferObject.h">
      <Filter>Header Files</Filter>
    </ClInclude>
    <ClInclude Include="$(ProjectDir)/include\OgreGLGpuNvparseProgram.h">
      <Filter>Header Files</Filter>
    </ClInclude>
    <ClInclude Include="$(ProjectDir)/include\OgreGLGpuProgram.h">
      <Filter>Header Files</Filter>
    </ClInclude>
    <ClInclude Include="$(ProjectDir)/include\OgreGLGpuProgramManager.h">
      <Filter>Header Files</Filter>
    </ClInclude>
    <ClInclude Include="$(ProjectDir)/include\OgreGLHardwareBufferManager.h">
      <Filter>Header Files</Filter>
    </ClInclude>
    <ClInclude Include="$(ProjectDir)/include\OgreGLHardwareIndexBuffer.h">
      <Filter>Header Files</Filter>
    </ClInclude>
    <ClInclude Include="$(ProjectDir)/include\OgreGLHardwareOcclusionQuery.h">
      <Filter>Header Files</Filter>
    </ClInclude>
    <ClInclude Include="$(ProjectDir)/include\OgreGLHardwarePixelBuffer.h">
      <Filter>Header Files</Filter>
    </ClInclude>
    <ClInclude Include="$(ProjectDir)/include\OgreGLHardwareVertexBuffer.h">
      <Filter>Header Files</Filter>
    </ClInclude>
    <ClInclude Include="$(ProjectDir)/include\OgreGLPBRenderTexture.h">
      <Filter>Header Files</Filter>
    </ClInclude>
    <ClInclude Include="$(ProjectDir)/include\OgreGLPBuffer.h">
      <Filter>Header Files</Filter>
    </ClInclude>
    <ClInclude Include="$(ProjectDir)/include\OgreGLPixelFormat.h">
      <Filter>Header Files</Filter>
    </ClInclude>
    <ClInclude Include="$(ProjectDir)/include\OgreGLPlugin.h">
      <Filter>Header Files</Filter>
    </ClInclude>
    <ClInclude Include="$(ProjectDir)/include\OgreGLPrerequisites.h">
      <Filter>Header Files</Filter>
    </ClInclude>
    <ClInclude Include="$(ProjectDir)/include\OgreGLRenderSystem.h">
      <Filter>Header Files</Filter>
    </ClInclude>
    <ClInclude Include="$(ProjectDir)/include\OgreGLRenderTexture.h">
      <Filter>Header Files</Filter>
    </ClInclude>
    <ClInclude Include="$(ProjectDir)/include\OgreGLRenderToVertexBuffer.h">
      <Filter>Header Files</Filter>
    </ClInclude>
    <ClInclude Include="$(ProjectDir)/include\OgreGLStateCacheManager.h">
      <Filter>Header Files</Filter>
    </ClInclude>
    <ClInclude Include="$(ProjectDir)/include\OgreGLSupport.h">
      <Filter>Header Files</Filter>
    </ClInclude>
    <ClInclude Include="$(ProjectDir)/include\OgreGLTexture.h">
      <Filter>Header Files</Filter>
    </ClInclude>
    <ClInclude Include="$(ProjectDir)/include\OgreGLTextureManager.h">
      <Filter>Header Files</Filter>
    </ClInclude>
    <ClInclude Include="$(ProjectDir)/include\OgreGLUniformCache.h">
      <Filter>Header Files</Filter>
    </ClInclude>
    <ClInclude Include="$(ProjectDir)/include\OgreSDLGLSupport.h">
      <Filter>Header Files</Filter>
    </ClInclude>
    <ClInclude Include="$(ProjectDir)/include\OgreSDLPrerequisites.h">
      <Filter>Header Files</Filter>
    </ClInclude>
    <ClInclude Include="$(ProjectDir)/include\OgreSDLWindow.h">
      <Filter>Header Files</Filter>
    </ClInclude>
    <ClInclude Include="$(ProjectDir)/src\StateCacheManager\OgreGLNullStateCacheManagerImp.h">
      <Filter>Header Files</Filter>
    </ClInclude>
    <ClInclude Include="$(ProjectDir)/src\StateCacheManager\OgreGLNullUniformCacheImp.h">
      <Filter>Header Files</Filter>
    </ClInclude>
    <ClInclude Include="$(ProjectDir)/src\GLSL\include\OgreGLSLExtSupport.h">
      <Filter>GLSL</Filter>
    </ClInclude>
    <ClInclude Include="$(ProjectDir)/src\GLSL\include\OgreGLSLGpuProgram.h">
      <Filter>GLSL</Filter>
    </ClInclude>
    <ClInclude Include="$(ProjectDir)/src\GLSL\include\OgreGLSLLinkProgram.h">
      <Filter>GLSL</Filter>
    </ClInclude>
    <ClInclude Include="$(ProjectDir)/src\GLSL\include\OgreGLSLLinkProgramManager.h">
      <Filter>GLSL</Filter>
    </ClInclude>
    <ClInclude Include="$(ProjectDir)/src\GLSL\include\OgreGLSLPreprocessor.h">
      <Filter>GLSL</Filter>
    </ClInclude>
    <ClInclude Include="$(ProjectDir)/src\GLSL\include\OgreGLSLProgram.h">
      <Filter>GLSL</Filter>
    </ClInclude>
    <ClInclude Include="$(ProjectDir)/src\GLSL\include\OgreGLSLProgramFactory.h">
      <Filter>GLSL</Filter>
    </ClInclude>
    <ClInclude Include="$(ProjectDir)/src\nvparse\_ps1.0_parser.h">
      <Filter>NVparse</Filter>
    </ClInclude>
    <ClInclude Include="$(ProjectDir)/src\nvparse\_rc1.0_parser.h">
      <Filter>NVparse</Filter>
    </ClInclude>
    <ClInclude Include="$(ProjectDir)/src\nvparse\_ts1.0_parser.h">
      <Filter>NVparse</Filter>
    </ClInclude>
    <ClInclude Include="$(ProjectDir)/src\nvparse\_vs1.0_parser.h">
      <Filter>NVparse</Filter>
    </ClInclude>
    <ClInclude Include="$(ProjectDir)/src\nvparse\macro.h">
      <Filter>NVparse</Filter>
    </ClInclude>
    <ClInclude Include="$(ProjectDir)/src\nvparse\nvparse.h">
      <Filter>NVparse</Filter>
    </ClInclude>
    <ClInclude Include="$(ProjectDir)/src\nvparse\nvparse_errors.h">
      <Filter>NVparse</Filter>
    </ClInclude>
    <ClInclude Include="$(ProjectDir)/src\nvparse\nvparse_externs.h">
      <Filter>NVparse</Filter>
    </ClInclude>
    <ClInclude Include="$(ProjectDir)/src\nvparse\ps1.0_program.h">
      <Filter>NVparse</Filter>
    </ClInclude>
    <ClInclude Include="$(ProjectDir)/src\nvparse\rc1.0_combiners.h">
      <Filter>NVparse</Filter>
    </ClInclude>
    <ClInclude Include="$(ProjectDir)/src\nvparse\rc1.0_final.h">
      <Filter>NVparse</Filter>
    </ClInclude>
    <ClInclude Include="$(ProjectDir)/src\nvparse\rc1.0_general.h">
      <Filter>NVparse</Filter>
    </ClInclude>
    <ClInclude Include="$(ProjectDir)/src\nvparse\rc1.0_register.h">
      <Filter>NVparse</Filter>
    </ClInclude>
    <ClInclude Include="$(ProjectDir)/src\nvparse\ts1.0_inst.h">
      <Filter>NVparse</Filter>
    </ClInclude>
    <ClInclude Include="$(ProjectDir)/src\nvparse\ts1.0_inst_list.h">
      <Filter>NVparse</Filter>
    </ClInclude>
    <ClInclude Include="$(ProjectDir)/src\nvparse\vs1.0_inst.h">
      <Filter>NVparse</Filter>
    </ClInclude>
    <ClInclude Include="$(ProjectDir)/src\nvparse\vs1.0_inst_list.h">
      <Filter>NVparse</Filter>
    </ClInclude>
    <ClInclude Include="$(ProjectDir)/include\Win32\OgreWin32Context.h">
      <Filter>Header Files</Filter>
    </ClInclude>
    <ClInclude Include="$(ProjectDir)/include\Win32\OgreWin32GLSupport.h">
      <Filter>Header Files</Filter>
    </ClInclude>
    <ClInclude Include="$(ProjectDir)/include\Win32\OgreWin32Prerequisites.h">
      <Filter>Header Files</Filter>
    </ClInclude>
    <ClInclude Include="$(ProjectDir)/include\Win32\OgreWin32RenderTexture.h">
      <Filter>Header Files</Filter>
    </ClInclude>
    <ClInclude Include="$(ProjectDir)/include\Win32\OgreWin32Window.h">
      <Filter>Header Files</Filter>
    </ClInclude>
    <ClInclude Include="$(ProjectDir)/src\Win32\OgreGLUtil.h">
      <Filter>Header Files</Filter>
    </ClInclude>
  </ItemGroup>
  <ItemGroup>
    <Filter Include="Source Files">
      <UniqueIdentifier>{8D3C5C6B-9F29-3913-8507-640372B125AC}</UniqueIdentifier>
    </Filter>
    <Filter Include="Header Files">
      <UniqueIdentifier>{42C92AF3-9A6A-35C0-ADE1-46524E2FEC6A}</UniqueIdentifier>
    </Filter>
    <Filter Include="NVparse">
      <UniqueIdentifier>{491C3A04-D78A-3EE3-936F-B51612C2CC7F}</UniqueIdentifier>
    </Filter>
    <Filter Include="ATIFS">
      <UniqueIdentifier>{C49C763E-CFCE-3DBB-8EF5-5375D7ADAA16}</UniqueIdentifier>
    </Filter>
    <Filter Include="GLSL">
      <UniqueIdentifier>{F006C4FC-7ADB-3C51-B391-254A95882724}</UniqueIdentifier>
    </Filter>
  </ItemGroup>
</Project>
